{
  "version": 4,
  "terraform_version": "1.6.6",
  "serial": 35,
  "lineage": "c2eb9b1a-89a3-712c-d63b-e8c026135aac",
  "outputs": {},
  "resources": [
    {
      "module": "module.my_eks_cluster.module.eks_cluster",
      "mode": "data",
      "type": "aws_caller_identity",
      "name": "current",
      "provider": "module.my_eks_cluster.provider[\"registry.terraform.io/hashicorp/aws\"]",
      "instances": [
        {
          "schema_version": 0,
          "attributes": {
            "account_id": "881666630512",
            "arn": "arn:aws:iam::881666630512:user/costa.galazios",
            "id": "881666630512",
            "user_id": "AIDA42R3NENYBL57VMYIU"
          },
          "sensitive_attributes": []
        }
      ]
    },
    {
      "module": "module.my_eks_cluster.module.eks_cluster",
      "mode": "data",
      "type": "aws_eks_addon_version",
      "name": "this",
      "provider": "module.my_eks_cluster.provider[\"registry.terraform.io/hashicorp/aws\"]",
      "instances": [
        {
          "index_key": "coredns",
          "schema_version": 0,
          "attributes": {
            "addon_name": "coredns",
            "id": "coredns",
            "kubernetes_version": "1.28",
            "most_recent": false,
            "version": "v1.10.1-eksbuild.2"
          },
          "sensitive_attributes": []
        }
      ]
    },
    {
      "module": "module.my_eks_cluster.module.eks_cluster",
      "mode": "data",
      "type": "aws_iam_policy_document",
      "name": "assume_role_policy",
      "provider": "module.my_eks_cluster.provider[\"registry.terraform.io/hashicorp/aws\"]",
      "instances": [
        {
          "index_key": 0,
          "schema_version": 0,
          "attributes": {
            "id": "2764486067",
            "json": "{\n  \"Version\": \"2012-10-17\",\n  \"Statement\": [\n    {\n      \"Sid\": \"EKSClusterAssumeRole\",\n      \"Effect\": \"Allow\",\n      \"Action\": \"sts:AssumeRole\",\n      \"Principal\": {\n        \"Service\": \"eks.amazonaws.com\"\n      }\n    }\n  ]\n}",
            "override_policy_documents": null,
            "policy_id": null,
            "source_policy_documents": null,
            "statement": [
              {
                "actions": [
                  "sts:AssumeRole"
                ],
                "condition": [],
                "effect": "Allow",
                "not_actions": [],
                "not_principals": [],
                "not_resources": [],
                "principals": [
                  {
                    "identifiers": [
                      "eks.amazonaws.com"
                    ],
                    "type": "Service"
                  }
                ],
                "resources": [],
                "sid": "EKSClusterAssumeRole"
              }
            ],
            "version": "2012-10-17"
          },
          "sensitive_attributes": []
        }
      ]
    },
    {
      "module": "module.my_eks_cluster.module.eks_cluster",
      "mode": "data",
      "type": "aws_iam_session_context",
      "name": "current",
      "provider": "module.my_eks_cluster.provider[\"registry.terraform.io/hashicorp/aws\"]",
      "instances": [
        {
          "schema_version": 0,
          "attributes": {
            "arn": "arn:aws:iam::881666630512:user/costa.galazios",
            "id": "arn:aws:iam::881666630512:user/costa.galazios",
            "issuer_arn": "arn:aws:iam::881666630512:user/costa.galazios",
            "issuer_id": "",
            "issuer_name": "",
            "session_name": ""
          },
          "sensitive_attributes": []
        }
      ]
    },
    {
      "module": "module.my_eks_cluster.module.eks_cluster",
      "mode": "data",
      "type": "aws_partition",
      "name": "current",
      "provider": "module.my_eks_cluster.provider[\"registry.terraform.io/hashicorp/aws\"]",
      "instances": [
        {
          "schema_version": 0,
          "attributes": {
            "dns_suffix": "amazonaws.com",
            "id": "aws",
            "partition": "aws",
            "reverse_dns_prefix": "com.amazonaws"
          },
          "sensitive_attributes": []
        }
      ]
    },
    {
      "module": "module.my_eks_cluster.module.eks_cluster",
      "mode": "data",
      "type": "tls_certificate",
      "name": "this",
      "provider": "provider[\"registry.terraform.io/hashicorp/tls\"]",
      "instances": [
        {
          "index_key": 0,
          "schema_version": 0,
          "attributes": {
            "certificates": [
              {
                "cert_pem": "-----BEGIN CERTIFICATE-----\nMIIEdTCCA12gAwIBAgIJAKcOSkw0grd/MA0GCSqGSIb3DQEBCwUAMGgxCzAJBgNV\nBAYTAlVTMSUwIwYDVQQKExxTdGFyZmllbGQgVGVjaG5vbG9naWVzLCBJbmMuMTIw\nMAYDVQQLEylTdGFyZmllbGQgQ2xhc3MgMiBDZXJ0aWZpY2F0aW9uIEF1dGhvcml0\neTAeFw0wOTA5MDIwMDAwMDBaFw0zNDA2MjgxNzM5MTZaMIGYMQswCQYDVQQGEwJV\nUzEQMA4GA1UECBMHQXJpem9uYTETMBEGA1UEBxMKU2NvdHRzZGFsZTElMCMGA1UE\nChMcU3RhcmZpZWxkIFRlY2hub2xvZ2llcywgSW5jLjE7MDkGA1UEAxMyU3RhcmZp\nZWxkIFNlcnZpY2VzIFJvb3QgQ2VydGlmaWNhdGUgQXV0aG9yaXR5IC0gRzIwggEi\nMA0GCSqGSIb3DQEBAQUAA4IBDwAwggEKAoIBAQDVDDrEKvlO4vW+GZdfjohTsR8/\ny8+fIBNtKTrID30892t2OGPZNmCom15cAICyL1l/9of5JUOG52kbUpqQ4XHj2C0N\nTm/2yEnZtvMaVq4rtnQU68/7JuMauh2WLmo7WJSJR1b/JaCTcFOD2oR0FMNnngRo\nOt+OQFodSk7PQ5E751bWAHDLUu57fa4657wx+UX2wmDPE1kCK4DMNEffud6QZW0C\nzyyRpqbn3oUYSXxmTqM6bam17jQuug0DuDPfR+uxa40l2ZvOgdFFRjKWcIfeAg5J\nQ4W2bHO7ZOphQazJ1FTfhy/HIrImzJ9ZVGif/L4qL8RVHHVAYBeFAlU5i38FAgMB\nAAGjgfAwge0wDwYDVR0TAQH/BAUwAwEB/zAOBgNVHQ8BAf8EBAMCAYYwHQYDVR0O\nBBYEFJxfAN+qAdcwKziIorhtSpzyEZGDMB8GA1UdIwQYMBaAFL9ft9HO3R+G9FtV\nrNzXEMIOqYjnME8GCCsGAQUFBwEBBEMwQTAcBggrBgEFBQcwAYYQaHR0cDovL28u\nc3MyLnVzLzAhBggrBgEFBQcwAoYVaHR0cDovL3guc3MyLnVzL3guY2VyMCYGA1Ud\nHwQfMB0wG6AZoBeGFWh0dHA6Ly9zLnNzMi51cy9yLmNybDARBgNVHSAECjAIMAYG\nBFUdIAAwDQYJKoZIhvcNAQELBQADggEBACMd44pXyn3pF3lM8R5V/cxTbj5HD9/G\nVfKyBDbtgB9TxF00KGu+x1X8Z+rLP3+QsjPNG1gQggL4+C/1E2DUBc7xgQjB3ad1\nl08YuW3e95ORCLp+QCztweq7dp4zBncdDQh/U90bZKuCJ/Fp1U1ervShw3WnWEQt\n8jxwmKy6abaVd38PMV4s/KCHOkdp8Hlf9BRUpJVeEXgSYCfOn8J3/yNTd126/+pZ\n59vPr5KW7ySaNRB6nJHGDn2Z9j8Z3/VyVOEVqQdZe4O/Ui5GjLIAZHYcSNPYeehu\nVsyuLAOQ1xk4meTKCRlb/weWsKh/NEnfVqn3sF/tM+2MR7cwA130A4w=\n-----END CERTIFICATE-----\n",
                "is_ca": true,
                "issuer": "OU=Starfield Class 2 Certification Authority,O=Starfield Technologies\\, Inc.,C=US",
                "not_after": "2034-06-28T17:39:16Z",
                "not_before": "2009-09-02T00:00:00Z",
                "public_key_algorithm": "RSA",
                "serial_number": "12037640545166866303",
                "sha1_fingerprint": "9e99a48a9960b14926bb7f3b02e22da2b0ab7280",
                "signature_algorithm": "SHA256-RSA",
                "subject": "CN=Starfield Services Root Certificate Authority - G2,O=Starfield Technologies\\, Inc.,L=Scottsdale,ST=Arizona,C=US",
                "version": 3
              },
              {
                "cert_pem": "-----BEGIN CERTIFICATE-----\nMIIEkjCCA3qgAwIBAgITBn+USionzfP6wq4rAfkI7rnExjANBgkqhkiG9w0BAQsF\nADCBmDELMAkGA1UEBhMCVVMxEDAOBgNVBAgTB0FyaXpvbmExEzARBgNVBAcTClNj\nb3R0c2RhbGUxJTAjBgNVBAoTHFN0YXJmaWVsZCBUZWNobm9sb2dpZXMsIEluYy4x\nOzA5BgNVBAMTMlN0YXJmaWVsZCBTZXJ2aWNlcyBSb290IENlcnRpZmljYXRlIEF1\ndGhvcml0eSAtIEcyMB4XDTE1MDUyNTEyMDAwMFoXDTM3MTIzMTAxMDAwMFowOTEL\nMAkGA1UEBhMCVVMxDzANBgNVBAoTBkFtYXpvbjEZMBcGA1UEAxMQQW1hem9uIFJv\nb3QgQ0EgMTCCASIwDQYJKoZIhvcNAQEBBQADggEPADCCAQoCggEBALJ4gHHKeNXj\nca9HgFB0fW7Y14h29Jlo91ghYPl0hAEvrAIthtOgQ3pOsqTQNroBvo3bSMgHFzZM\n9O6II8c+6zf1tRn4SWiw3te5djgdYZ6k/oI2peVKVuRF4fn9tBb6dNqcmzU5L/qw\nIFAGbHrQgLKm+a/sRxmPUDgH3KKHOVj4utWp+UhnMJbulHheb4mjUcAwhmahRWa6\nVOujw5H5SNz/0egwLX0tdHA114gk957EWW67c4cX8jJGKLhD+rcdqsq08p8kDi1L\n93FcXmn/6pUCyziKrlA4b9v7LWIbxcceVOF34GfID5yHI9Y/QCB/IIDEgEw+OyQm\njgSubJrIqg0CAwEAAaOCATEwggEtMA8GA1UdEwEB/wQFMAMBAf8wDgYDVR0PAQH/\nBAQDAgGGMB0GA1UdDgQWBBSEGMyFNOy8DJSULghZnMeyEE4KCDAfBgNVHSMEGDAW\ngBScXwDfqgHXMCs4iKK4bUqc8hGRgzB4BggrBgEFBQcBAQRsMGowLgYIKwYBBQUH\nMAGGImh0dHA6Ly9vY3NwLnJvb3RnMi5hbWF6b250cnVzdC5jb20wOAYIKwYBBQUH\nMAKGLGh0dHA6Ly9jcnQucm9vdGcyLmFtYXpvbnRydXN0LmNvbS9yb290ZzIuY2Vy\nMD0GA1UdHwQ2MDQwMqAwoC6GLGh0dHA6Ly9jcmwucm9vdGcyLmFtYXpvbnRydXN0\nLmNvbS9yb290ZzIuY3JsMBEGA1UdIAQKMAgwBgYEVR0gADANBgkqhkiG9w0BAQsF\nAAOCAQEAYjdCXLwQtT6LLOkMm2xF4gcAevnFWAu5CIw+7bMlPLVvUOTNNWqnkzSW\nMiGpSESrnO09tKpzbeR/FoCJbM8oAxiDR3mjEH4wW6w7sGDgd9QIpuEdfF7Au/ma\neyKdpwAJfqxGF4PcnCZXmTA5YpaP7dreqsXMGz7KQ2hsVxa81Q4gLv7/wmpdLqBK\nbRRYh5TmOTFffHPLkIhqhBGWJ6bt2YFGpn6jcgAKUj6DiAdjd4lpFw85hdKrCEVN\n0FE6/V1dN2RMfjCyVSRCnTawXZwXgWHxyvkQAiSr6w10kY17RSlQOYiypok1JR4U\nakcjMS9cmvqtmg5iUaQqqcT5NJ0hGA==\n-----END CERTIFICATE-----\n",
                "is_ca": true,
                "issuer": "CN=Starfield Services Root Certificate Authority - G2,O=Starfield Technologies\\, Inc.,L=Scottsdale,ST=Arizona,C=US",
                "not_after": "2037-12-31T01:00:00Z",
                "not_before": "2015-05-25T12:00:00Z",
                "public_key_algorithm": "RSA",
                "serial_number": "144918191876577076464031512351042010504348870",
                "sha1_fingerprint": "06b25927c42a721631c1efd9431e648fa62e1e39",
                "signature_algorithm": "SHA256-RSA",
                "subject": "CN=Amazon Root CA 1,O=Amazon,C=US",
                "version": 3
              },
              {
                "cert_pem": "-----BEGIN CERTIFICATE-----\nMIIEXjCCA0agAwIBAgITB3MSOAudZoijOx7Zv5zNpo4ODzANBgkqhkiG9w0BAQsF\nADA5MQswCQYDVQQGEwJVUzEPMA0GA1UEChMGQW1hem9uMRkwFwYDVQQDExBBbWF6\nb24gUm9vdCBDQSAxMB4XDTIyMDgyMzIyMjEyOFoXDTMwMDgyMzIyMjEyOFowPDEL\nMAkGA1UEBhMCVVMxDzANBgNVBAoTBkFtYXpvbjEcMBoGA1UEAxMTQW1hem9uIFJT\nQSAyMDQ4IE0wMTCCASIwDQYJKoZIhvcNAQEBBQADggEPADCCAQoCggEBAOtxLKnL\nH4gokjIwr4pXD3i3NyWVVYesZ1yX0yLI2qIUZ2t88Gfa4gMqs1YSXca1R/lnCKeT\nepWSGA+0+fkQNpp/L4C2T7oTTsddUx7g3ZYzByDTlrwS5HRQQqEFE3O1T5tEJP4t\nf+28IoXsNiEzl3UGzicYgtzj2cWCB41eJgEmJmcf2T8TzzK6a614ZPyq/w4CPAff\nnAV4coz96nW3AyiE2uhuB4zQUIXvgVSycW7sbWLvj5TDXunEpNCRwC4kkZjK7rol\njtT2cbb7W2s4Bkg3R42G3PLqBvt2N32e/0JOTViCk8/iccJ4sXqrS1uUN4iB5Nmv\nJK74csVl+0u0UecCAwEAAaOCAVowggFWMBIGA1UdEwEB/wQIMAYBAf8CAQAwDgYD\nVR0PAQH/BAQDAgGGMB0GA1UdJQQWMBQGCCsGAQUFBwMBBggrBgEFBQcDAjAdBgNV\nHQ4EFgQUgbgOY4qJEhjl+js7UJWf5uWQE4UwHwYDVR0jBBgwFoAUhBjMhTTsvAyU\nlC4IWZzHshBOCggwewYIKwYBBQUHAQEEbzBtMC8GCCsGAQUFBzABhiNodHRwOi8v\nb2NzcC5yb290Y2ExLmFtYXpvbnRydXN0LmNvbTA6BggrBgEFBQcwAoYuaHR0cDov\nL2NydC5yb290Y2ExLmFtYXpvbnRydXN0LmNvbS9yb290Y2ExLmNlcjA/BgNVHR8E\nODA2MDSgMqAwhi5odHRwOi8vY3JsLnJvb3RjYTEuYW1hem9udHJ1c3QuY29tL3Jv\nb3RjYTEuY3JsMBMGA1UdIAQMMAowCAYGZ4EMAQIBMA0GCSqGSIb3DQEBCwUAA4IB\nAQCtAN4CBSMuBjJitGuxlBbkEUDeK/pZwTXv4KqPK0G50fOHOQAd8j21p0cMBgbG\nkfMHVwLU7b0XwZCav0h1ogdPMN1KakK1DT0VwA/+hFvGPJnMV1Kx2G4S1ZaSk0uU\n5QfoiYIIano01J5k4T2HapKQmmOhS/iPtuo00wW+IMLeBuKMn3OLn005hcrOGTad\nhcmeyfhQP7Z+iKHvyoQGi1C0ClymHETx/chhQGDyYSWqB/THwnN15AwLQo0E5V9E\nSJlbe4mBlqeInUsNYugExNf+tOiybcrswBy8OFsd34XOW3rjSUtsuafd9AWySa3h\nxRRrwszrzX/WWGm6wyB+f7C4\n-----END CERTIFICATE-----\n",
                "is_ca": true,
                "issuer": "CN=Amazon Root CA 1,O=Amazon,C=US",
                "not_after": "2030-08-23T22:21:28Z",
                "not_before": "2022-08-23T22:21:28Z",
                "public_key_algorithm": "RSA",
                "serial_number": "166129328851546858514271303855646110030630415",
                "sha1_fingerprint": "2ad974a775f73cbdbbd8f5ac3a49255fa8fb1f8c",
                "signature_algorithm": "SHA256-RSA",
                "subject": "CN=Amazon RSA 2048 M01,O=Amazon,C=US",
                "version": 3
              },
              {
                "cert_pem": "-----BEGIN CERTIFICATE-----\nMIIF8zCCBNugAwIBAgIQCyh9/lUkkLD98KTQ/OcDtjANBgkqhkiG9w0BAQsFADA8\nMQswCQYDVQQGEwJVUzEPMA0GA1UEChMGQW1hem9uMRwwGgYDVQQDExNBbWF6b24g\nUlNBIDIwNDggTTAxMB4XDTIzMDQxNTAwMDAwMFoXDTI0MDUxMzIzNTk1OVowLjEs\nMCoGA1UEAxMjb2lkYy5la3MuY2EtY2VudHJhbC0xLmFtYXpvbmF3cy5jb20wggEi\nMA0GCSqGSIb3DQEBAQUAA4IBDwAwggEKAoIBAQCznmN7lVcOhBPpI8FHDwvtpQ2a\nbTWZLlByZXtSYPVN7P9PrqJ6nf0Yids4L+Ko1kiyCOzd7XOgwE0rzGeJNrxArW7U\nAV4CcsbooYij5470lOP2ZR16LWfpZHOZqqGAj++VX7GJ+ziknmdI5eCxup8L1By7\nqr5s6denBJfw6G/rOqH+xajpaTXE8GzoJwQhGPWpJJogRs0hRZufGodM8FpkYF4Z\nGXOZFYfgdYrd6g5IPwcejBpiytVXCyDaHyY1Oe7f3JJDl4jIcVrAj6TzSdXUTZQg\nW9lMrhY9fyUR5sYvBBniHrTo4QUeEUrVqV+tsWlnLvxsmiSj9uX4/gmwzaetAgMB\nAAGjggL9MIIC+TAfBgNVHSMEGDAWgBSBuA5jiokSGOX6OztQlZ/m5ZAThTAdBgNV\nHQ4EFgQU6lhBDa4Biz7Ul8kznehIUWxmjpowLgYDVR0RBCcwJYIjb2lkYy5la3Mu\nY2EtY2VudHJhbC0xLmFtYXpvbmF3cy5jb20wDgYDVR0PAQH/BAQDAgWgMB0GA1Ud\nJQQWMBQGCCsGAQUFBwMBBggrBgEFBQcDAjA7BgNVHR8ENDAyMDCgLqAshipodHRw\nOi8vY3JsLnIybTAxLmFtYXpvbnRydXN0LmNvbS9yMm0wMS5jcmwwEwYDVR0gBAww\nCjAIBgZngQwBAgEwdQYIKwYBBQUHAQEEaTBnMC0GCCsGAQUFBzABhiFodHRwOi8v\nb2NzcC5yMm0wMS5hbWF6b250cnVzdC5jb20wNgYIKwYBBQUHMAKGKmh0dHA6Ly9j\ncnQucjJtMDEuYW1hem9udHJ1c3QuY29tL3IybTAxLmNlcjAMBgNVHRMBAf8EAjAA\nMIIBfwYKKwYBBAHWeQIEAgSCAW8EggFrAWkAdgB2/4g/Crb7lVHCYcz1h7o0tKTN\nuyncaEIKn+ZnTFo6dAAAAYeCPnuiAAAEAwBHMEUCIQCo63dd2oUw0jUbNwxaGILj\nobQhpfPfwFW5UP8kvwW25wIgQ1v3QqEZ/sCcdwfEvLfdqZ3zJlPPiuTE2MHDGyTY\nK4QAdgBz2Z6JG0yWeKAgfUed5rLGHNBRXnEZKoxrgBB6wXdytQAAAYeCPnuyAAAE\nAwBHMEUCIQDpPdm50DWTa7GPt78Yb/cR8cOKi8sqo5qGUlnHwW8uCAIgPa/R2Fia\nzrBR2ZBtXBZbgQ8yG1ogkV1QOpCCNBeWegoAdwBIsONr2qZHNA/lagL6nTDrHFIB\ny1bdLIHZu7+rOdiEcwAAAYeCPnuHAAAEAwBIMEYCIQCZxYaJkjxJWo/4xM3qZnmk\nBm3yeeuWgvX+z3rYpguGpAIhAIJncxSietPYtv1+TiYiDwAjOlyN6z18XzQQTnyI\nJ3YmMA0GCSqGSIb3DQEBCwUAA4IBAQCSxwjd4s4NC1lrS1P9lywfjRiASlmf5Hc2\nmW58x1dHNdzRJDmnQV9kbsHt+hn99SsYpbWvc8FEj01CQ+0CJeRqnKRBgelzUv11\nG4ZB2WY2AS+xqkqnwyOAbeHmN0CdczT/u+DdWGYROOdExx6NHJfTlQWrkJLyV073\n1VK5ZHBg10usaiXSj+Tx336aohVYH8BSg5H9qWuNsMccuzAgyi7QWsrFSq0lJxIH\ncJlTFXNOe7SXRUwd6WNTSl88pDCnayBv9eKhrUkmSzue2rWfEDUVZgCBD53aTyVN\nS2mb1RnOsrdJYBpkHWX/HPbQqeSCoqi1wiieu7ztdjDTcXEUnd+n\n-----END CERTIFICATE-----\n",
                "is_ca": false,
                "issuer": "CN=Amazon RSA 2048 M01,O=Amazon,C=US",
                "not_after": "2024-05-13T23:59:59Z",
                "not_before": "2023-04-15T00:00:00Z",
                "public_key_algorithm": "RSA",
                "serial_number": "14831755279479633239047093880023876534",
                "sha1_fingerprint": "394b2cdabaf21bd23cafa6d3b450b993ff3bbc4f",
                "signature_algorithm": "SHA256-RSA",
                "subject": "CN=oidc.eks.ca-central-1.amazonaws.com",
                "version": 3
              }
            ],
            "content": null,
            "id": "baad75ed7c378c9a948438dc8861621a893f7c82",
            "url": "https://oidc.eks.ca-central-1.amazonaws.com/id/80122861DBF2CC8660410263EF23EC61",
            "verify_chain": true
          },
          "sensitive_attributes": []
        }
      ]
    },
    {
      "module": "module.my_eks_cluster.module.eks_cluster",
      "mode": "managed",
      "type": "aws_cloudwatch_log_group",
      "name": "this",
      "provider": "module.my_eks_cluster.provider[\"registry.terraform.io/hashicorp/aws\"]",
      "instances": [
        {
          "index_key": 0,
          "schema_version": 0,
          "attributes": {
            "arn": "arn:aws:logs:ca-central-1:881666630512:log-group:/aws/eks/my_eks_cluster/cluster",
            "id": "/aws/eks/my_eks_cluster/cluster",
            "kms_key_id": "",
            "log_group_class": "STANDARD",
            "name": "/aws/eks/my_eks_cluster/cluster",
            "name_prefix": "",
            "retention_in_days": 90,
            "skip_destroy": false,
            "tags": {
              "Name": "/aws/eks/my_eks_cluster/cluster"
            },
            "tags_all": {
              "Name": "/aws/eks/my_eks_cluster/cluster"
            }
          },
          "sensitive_attributes": [],
          "private": "bnVsbA==",
          "create_before_destroy": true
        }
      ]
    },
    {
      "module": "module.my_eks_cluster.module.eks_cluster",
      "mode": "managed",
      "type": "aws_eks_addon",
      "name": "this",
      "provider": "module.my_eks_cluster.provider[\"registry.terraform.io/hashicorp/aws\"]",
      "instances": [
        {
          "index_key": "coredns",
          "schema_version": 0,
          "attributes": {
            "addon_name": "coredns",
            "addon_version": "v1.10.1-eksbuild.2",
            "arn": "arn:aws:eks:ca-central-1:881666630512:addon/my_eks_cluster/coredns/36c67500-d02a-40d2-2491-58839feab92c",
            "cluster_name": "my_eks_cluster",
            "configuration_values": "",
            "created_at": "2024-01-08T16:57:04Z",
            "id": "my_eks_cluster:coredns",
            "modified_at": "2024-01-08T16:57:13Z",
            "preserve": null,
            "resolve_conflicts": "OVERWRITE",
            "resolve_conflicts_on_create": null,
            "resolve_conflicts_on_update": null,
            "service_account_role_arn": "",
            "tags": null,
            "tags_all": {},
            "timeouts": {
              "create": "25m",
              "delete": "10m",
              "update": null
            }
          },
          "sensitive_attributes": [],
          "private": "eyJlMmJmYjczMC1lY2FhLTExZTYtOGY4OC0zNDM2M2JjN2M0YzAiOnsiY3JlYXRlIjoxNTAwMDAwMDAwMDAwLCJkZWxldGUiOjYwMDAwMDAwMDAwMCwidXBkYXRlIjoxMjAwMDAwMDAwMDAwfX0=",
          "dependencies": [
            "module.my_eks_cluster.module.eks_cluster.aws_cloudwatch_log_group.this",
            "module.my_eks_cluster.module.eks_cluster.aws_eks_cluster.this",
            "module.my_eks_cluster.module.eks_cluster.aws_iam_policy.cni_ipv6_policy",
            "module.my_eks_cluster.module.eks_cluster.aws_iam_role.this",
            "module.my_eks_cluster.module.eks_cluster.aws_iam_role_policy_attachment.this",
            "module.my_eks_cluster.module.eks_cluster.aws_security_group.cluster",
            "module.my_eks_cluster.module.eks_cluster.aws_security_group.node",
            "module.my_eks_cluster.module.eks_cluster.aws_security_group_rule.cluster",
            "module.my_eks_cluster.module.eks_cluster.aws_security_group_rule.node",
            "module.my_eks_cluster.module.eks_cluster.data.aws_caller_identity.current",
            "module.my_eks_cluster.module.eks_cluster.data.aws_eks_addon_version.this",
            "module.my_eks_cluster.module.eks_cluster.data.aws_iam_policy_document.assume_role_policy",
            "module.my_eks_cluster.module.eks_cluster.data.aws_iam_policy_document.cni_ipv6_policy",
            "module.my_eks_cluster.module.eks_cluster.data.aws_iam_session_context.current",
            "module.my_eks_cluster.module.eks_cluster.data.aws_partition.current",
            "module.my_eks_cluster.module.eks_cluster.module.eks_managed_node_group.aws_autoscaling_schedule.this",
            "module.my_eks_cluster.module.eks_cluster.module.eks_managed_node_group.aws_eks_node_group.this",
            "module.my_eks_cluster.module.eks_cluster.module.eks_managed_node_group.aws_iam_role.this",
            "module.my_eks_cluster.module.eks_cluster.module.eks_managed_node_group.aws_iam_role_policy_attachment.additional",
            "module.my_eks_cluster.module.eks_cluster.module.eks_managed_node_group.aws_iam_role_policy_attachment.this",
            "module.my_eks_cluster.module.eks_cluster.module.eks_managed_node_group.aws_launch_template.this",
            "module.my_eks_cluster.module.eks_cluster.module.eks_managed_node_group.data.aws_caller_identity.current",
            "module.my_eks_cluster.module.eks_cluster.module.eks_managed_node_group.data.aws_iam_policy_document.assume_role_policy",
            "module.my_eks_cluster.module.eks_cluster.module.eks_managed_node_group.data.aws_partition.current",
            "module.my_eks_cluster.module.eks_cluster.module.eks_managed_node_group.module.user_data.data.cloudinit_config.linux_eks_managed_node_group",
            "module.my_eks_cluster.module.eks_cluster.module.fargate_profile.aws_eks_fargate_profile.this",
            "module.my_eks_cluster.module.eks_cluster.module.fargate_profile.aws_iam_role.this",
            "module.my_eks_cluster.module.eks_cluster.module.fargate_profile.aws_iam_role_policy_attachment.additional",
            "module.my_eks_cluster.module.eks_cluster.module.fargate_profile.aws_iam_role_policy_attachment.this",
            "module.my_eks_cluster.module.eks_cluster.module.fargate_profile.data.aws_caller_identity.current",
            "module.my_eks_cluster.module.eks_cluster.module.fargate_profile.data.aws_iam_policy_document.assume_role_policy",
            "module.my_eks_cluster.module.eks_cluster.module.fargate_profile.data.aws_partition.current",
            "module.my_eks_cluster.module.eks_cluster.module.kms.aws_kms_external_key.this",
            "module.my_eks_cluster.module.eks_cluster.module.kms.aws_kms_key.this",
            "module.my_eks_cluster.module.eks_cluster.module.kms.aws_kms_replica_external_key.this",
            "module.my_eks_cluster.module.eks_cluster.module.kms.aws_kms_replica_key.this",
            "module.my_eks_cluster.module.eks_cluster.module.kms.data.aws_caller_identity.current",
            "module.my_eks_cluster.module.eks_cluster.module.kms.data.aws_iam_policy_document.this",
            "module.my_eks_cluster.module.eks_cluster.module.kms.data.aws_partition.current",
            "module.my_eks_cluster.module.eks_cluster.module.self_managed_node_group.aws_autoscaling_group.this",
            "module.my_eks_cluster.module.eks_cluster.module.self_managed_node_group.aws_autoscaling_schedule.this",
            "module.my_eks_cluster.module.eks_cluster.module.self_managed_node_group.aws_iam_instance_profile.this",
            "module.my_eks_cluster.module.eks_cluster.module.self_managed_node_group.aws_iam_role.this",
            "module.my_eks_cluster.module.eks_cluster.module.self_managed_node_group.aws_iam_role_policy_attachment.additional",
            "module.my_eks_cluster.module.eks_cluster.module.self_managed_node_group.aws_iam_role_policy_attachment.this",
            "module.my_eks_cluster.module.eks_cluster.module.self_managed_node_group.aws_launch_template.this",
            "module.my_eks_cluster.module.eks_cluster.module.self_managed_node_group.data.aws_ami.eks_default",
            "module.my_eks_cluster.module.eks_cluster.module.self_managed_node_group.data.aws_caller_identity.current",
            "module.my_eks_cluster.module.eks_cluster.module.self_managed_node_group.data.aws_iam_policy_document.assume_role_policy",
            "module.my_eks_cluster.module.eks_cluster.module.self_managed_node_group.data.aws_partition.current",
            "module.my_eks_cluster.module.eks_cluster.module.self_managed_node_group.module.user_data.data.cloudinit_config.linux_eks_managed_node_group",
            "module.my_eks_cluster.module.eks_cluster.time_sleep.this"
          ]
        }
      ]
    },
    {
      "module": "module.my_eks_cluster.module.eks_cluster",
      "mode": "managed",
      "type": "aws_eks_cluster",
      "name": "this",
      "provider": "module.my_eks_cluster.provider[\"registry.terraform.io/hashicorp/aws\"]",
      "instances": [
        {
          "index_key": 0,
          "schema_version": 0,
          "attributes": {
            "arn": "arn:aws:eks:ca-central-1:881666630512:cluster/my_eks_cluster",
            "certificate_authority": [
              {
                "data": "LS0tLS1CRUdJTiBDRVJUSUZJQ0FURS0tLS0tCk1JSURCVENDQWUyZ0F3SUJBZ0lJSnZLUDkrZ2ZkZ2d3RFFZSktvWklodmNOQVFFTEJRQXdGVEVUTUJFR0ExVUUKQXhNS2EzVmlaWEp1WlhSbGN6QWVGdzB5TkRBeE1EZ3hOalF6TkRkYUZ3MHpOREF4TURVeE5qUTRORGRhTUJVeApFekFSQmdOVkJBTVRDbXQxWW1WeWJtVjBaWE13Z2dFaU1BMEdDU3FHU0liM0RRRUJBUVVBQTRJQkR3QXdnZ0VLCkFvSUJBUUMvNjErc1kxRFZscUdvREc0S2NkaGhDNmFsZzc2clhBZk1jcDVwcnptTFlkRkdLVExjc2l2cFZNV1kKa1VWODZVS01uMnJDRWhMNzBCM1BZRXltSWFIb2kxeGZtMTA4TlBTcXA4MHhYQnFoRXlxYjl3SU1WeVdHMU5YawprTVVvSjA4OC9CaVNndlNJQTRDRXFRc3VOYVRXTmRMM1A4amdvMWtyYmc1U3hrRWFRNXlHNEJYWHI4SGU4Sng3CjM2ZUVaZndwZWNRM0JUaTFsS0E4ck4zSGxMZnR4NDh6L1hJeDdCZDdiMU9jUm8vSG5lMzhDWlB4Zmp6cUFyRmIKb0NVTGU5Q01MZ1lmbGRjSUZjUEU5Z2h3MUxFTnVaeWlHV0Z6MGg4MFI4ZnBBNTlNMFhuK2VpbHBoc2ZoQjBKdwpQL21BbU9leldzQWVNSkRWNHJzQVFwTHA2VlpMQWdNQkFBR2pXVEJYTUE0R0ExVWREd0VCL3dRRUF3SUNwREFQCkJnTlZIUk1CQWY4RUJUQURBUUgvTUIwR0ExVWREZ1FXQkJTZ1pCK0phbXo0S1ZvU1pHcEJvM0M5elZONlBEQVYKQmdOVkhSRUVEakFNZ2dwcmRXSmxjbTVsZEdWek1BMEdDU3FHU0liM0RRRUJDd1VBQTRJQkFRQ29walVhQzczWQpZeTNzL01OeGo3UmY3SGp5dHNmdCtYK0p0dHlnNllTOTVNeFJmOFFKZFdhSlpvSkxKejRSS1lzQktLR2VVTGlZCmU0NlhSS2lXWmtvb3NxTVNHek9QUys2WXRtNWlmYU1sT21aK3B1RVk0Ly8vdDJmblpKTHNER1o4aHdDNXVlREYKb3lQRTlNYlYwQjZlOEkvN0RQenQyNmdobTJzd2Z4cFZ1WjdHQ1R0NW5ZY1NmaTlIQ2NtV2w1bExlUnNtUEp4MgpiVDJCcmZSUnJyL1NRMC85aElncW5rRlZxNzA3UnEvK3VzSHJ6WTdMQ1YycVUvem1TdFUrMVM3K0JYNTBwK1VsClBvMG9IWFh6TG1PdWxqVTBVZ2Zyb0dYZk5RUEZaalpLTGJUT3RDUjlOcE15SzN3Qm8xQ01VaU5ZYVJOaFA4QTAKQzJXQ1ltWjNUMGJHCi0tLS0tRU5EIENFUlRJRklDQVRFLS0tLS0K"
              }
            ],
            "cluster_id": null,
            "created_at": "2024-01-08 16:44:23.162 +0000 UTC",
            "enabled_cluster_log_types": [
              "api",
              "audit",
              "authenticator"
            ],
            "encryption_config": [
              {
                "provider": [
                  {
                    "key_arn": "arn:aws:kms:ca-central-1:881666630512:key/c72887d6-0d2a-42e9-b545-e5b6592041c1"
                  }
                ],
                "resources": [
                  "secrets"
                ]
              }
            ],
            "endpoint": "https://80122861DBF2CC8660410263EF23EC61.gr7.ca-central-1.eks.amazonaws.com",
            "id": "my_eks_cluster",
            "identity": [
              {
                "oidc": [
                  {
                    "issuer": "https://oidc.eks.ca-central-1.amazonaws.com/id/80122861DBF2CC8660410263EF23EC61"
                  }
                ]
              }
            ],
            "kubernetes_network_config": [
              {
                "ip_family": "ipv4",
                "service_ipv4_cidr": "10.100.0.0/16",
                "service_ipv6_cidr": ""
              }
            ],
            "name": "my_eks_cluster",
            "outpost_config": [],
            "platform_version": "eks.6",
            "role_arn": "arn:aws:iam::881666630512:role/my_eks_cluster-cluster-20240108164404177600000004",
            "status": "ACTIVE",
            "tags": null,
            "tags_all": {},
            "timeouts": {
              "create": null,
              "delete": null,
              "update": null
            },
            "version": "1.28",
            "vpc_config": [
              {
                "cluster_security_group_id": "sg-09ae2d9c2af12b6d1",
                "endpoint_private_access": true,
                "endpoint_public_access": false,
                "public_access_cidrs": [
                  "0.0.0.0/0"
                ],
                "security_group_ids": [
                  "sg-0ad067a1f076f9f7f"
                ],
                "subnet_ids": [
                  "subnet-05e3236054c7d0853",
                  "subnet-0a3dd63e625135a8c",
                  "subnet-0e46c7cd67f6c04f7"
                ],
                "vpc_id": "vpc-0dd9880eb96354c16"
              }
            ]
          },
          "sensitive_attributes": [],
          "private": "eyJlMmJmYjczMC1lY2FhLTExZTYtOGY4OC0zNDM2M2JjN2M0YzAiOnsiY3JlYXRlIjoxODAwMDAwMDAwMDAwLCJkZWxldGUiOjkwMDAwMDAwMDAwMCwidXBkYXRlIjozNjAwMDAwMDAwMDAwfX0=",
          "dependencies": [
            "module.my_eks_cluster.module.eks_cluster.aws_cloudwatch_log_group.this",
            "module.my_eks_cluster.module.eks_cluster.aws_iam_policy.cni_ipv6_policy",
            "module.my_eks_cluster.module.eks_cluster.aws_iam_role.this",
            "module.my_eks_cluster.module.eks_cluster.aws_iam_role_policy_attachment.this",
            "module.my_eks_cluster.module.eks_cluster.aws_security_group.cluster",
            "module.my_eks_cluster.module.eks_cluster.aws_security_group.node",
            "module.my_eks_cluster.module.eks_cluster.aws_security_group_rule.cluster",
            "module.my_eks_cluster.module.eks_cluster.aws_security_group_rule.node",
            "module.my_eks_cluster.module.eks_cluster.data.aws_caller_identity.current",
            "module.my_eks_cluster.module.eks_cluster.data.aws_iam_policy_document.assume_role_policy",
            "module.my_eks_cluster.module.eks_cluster.data.aws_iam_policy_document.cni_ipv6_policy",
            "module.my_eks_cluster.module.eks_cluster.data.aws_iam_session_context.current",
            "module.my_eks_cluster.module.eks_cluster.data.aws_partition.current",
            "module.my_eks_cluster.module.eks_cluster.module.kms.aws_kms_external_key.this",
            "module.my_eks_cluster.module.eks_cluster.module.kms.aws_kms_key.this",
            "module.my_eks_cluster.module.eks_cluster.module.kms.aws_kms_replica_external_key.this",
            "module.my_eks_cluster.module.eks_cluster.module.kms.aws_kms_replica_key.this",
            "module.my_eks_cluster.module.eks_cluster.module.kms.data.aws_caller_identity.current",
            "module.my_eks_cluster.module.eks_cluster.module.kms.data.aws_iam_policy_document.this",
            "module.my_eks_cluster.module.eks_cluster.module.kms.data.aws_partition.current"
          ],
          "create_before_destroy": true
        }
      ]
    },
    {
      "module": "module.my_eks_cluster.module.eks_cluster",
      "mode": "managed",
      "type": "aws_iam_openid_connect_provider",
      "name": "oidc_provider",
      "provider": "module.my_eks_cluster.provider[\"registry.terraform.io/hashicorp/aws\"]",
      "instances": [
        {
          "index_key": 0,
          "schema_version": 0,
          "attributes": {
            "arn": "arn:aws:iam::881666630512:oidc-provider/oidc.eks.ca-central-1.amazonaws.com/id/80122861DBF2CC8660410263EF23EC61",
            "client_id_list": [
              "sts.amazonaws.com"
            ],
            "id": "arn:aws:iam::881666630512:oidc-provider/oidc.eks.ca-central-1.amazonaws.com/id/80122861DBF2CC8660410263EF23EC61",
            "tags": {
              "Name": "my_eks_cluster-eks-irsa"
            },
            "tags_all": {
              "Name": "my_eks_cluster-eks-irsa"
            },
            "thumbprint_list": [
              "9e99a48a9960b14926bb7f3b02e22da2b0ab7280"
            ],
            "url": "oidc.eks.ca-central-1.amazonaws.com/id/80122861DBF2CC8660410263EF23EC61"
          },
          "sensitive_attributes": [],
          "private": "bnVsbA==",
          "dependencies": [
            "module.my_eks_cluster.module.eks_cluster.aws_cloudwatch_log_group.this",
            "module.my_eks_cluster.module.eks_cluster.aws_eks_cluster.this",
            "module.my_eks_cluster.module.eks_cluster.aws_iam_policy.cni_ipv6_policy",
            "module.my_eks_cluster.module.eks_cluster.aws_iam_role.this",
            "module.my_eks_cluster.module.eks_cluster.aws_iam_role_policy_attachment.this",
            "module.my_eks_cluster.module.eks_cluster.aws_security_group.cluster",
            "module.my_eks_cluster.module.eks_cluster.aws_security_group.node",
            "module.my_eks_cluster.module.eks_cluster.aws_security_group_rule.cluster",
            "module.my_eks_cluster.module.eks_cluster.aws_security_group_rule.node",
            "module.my_eks_cluster.module.eks_cluster.data.aws_caller_identity.current",
            "module.my_eks_cluster.module.eks_cluster.data.aws_iam_policy_document.assume_role_policy",
            "module.my_eks_cluster.module.eks_cluster.data.aws_iam_policy_document.cni_ipv6_policy",
            "module.my_eks_cluster.module.eks_cluster.data.aws_iam_session_context.current",
            "module.my_eks_cluster.module.eks_cluster.data.aws_partition.current",
            "module.my_eks_cluster.module.eks_cluster.data.tls_certificate.this",
            "module.my_eks_cluster.module.eks_cluster.module.kms.aws_kms_external_key.this",
            "module.my_eks_cluster.module.eks_cluster.module.kms.aws_kms_key.this",
            "module.my_eks_cluster.module.eks_cluster.module.kms.aws_kms_replica_external_key.this",
            "module.my_eks_cluster.module.eks_cluster.module.kms.aws_kms_replica_key.this",
            "module.my_eks_cluster.module.eks_cluster.module.kms.data.aws_caller_identity.current",
            "module.my_eks_cluster.module.eks_cluster.module.kms.data.aws_iam_policy_document.this",
            "module.my_eks_cluster.module.eks_cluster.module.kms.data.aws_partition.current"
          ]
        }
      ]
    },
    {
      "module": "module.my_eks_cluster.module.eks_cluster",
      "mode": "managed",
      "type": "aws_iam_policy",
      "name": "cluster_encryption",
      "provider": "module.my_eks_cluster.provider[\"registry.terraform.io/hashicorp/aws\"]",
      "instances": [
        {
          "index_key": 0,
          "schema_version": 0,
          "attributes": {
            "arn": "arn:aws:iam::881666630512:policy/my_eks_cluster-cluster-ClusterEncryption2024010816442036870000000a",
            "description": "Cluster encryption policy to allow cluster role to utilize CMK provided",
            "id": "arn:aws:iam::881666630512:policy/my_eks_cluster-cluster-ClusterEncryption2024010816442036870000000a",
            "name": "my_eks_cluster-cluster-ClusterEncryption2024010816442036870000000a",
            "name_prefix": "my_eks_cluster-cluster-ClusterEncryption",
            "path": "/",
            "policy": "{\"Statement\":[{\"Action\":[\"kms:Encrypt\",\"kms:Decrypt\",\"kms:ListGrants\",\"kms:DescribeKey\"],\"Effect\":\"Allow\",\"Resource\":\"arn:aws:kms:ca-central-1:881666630512:key/c72887d6-0d2a-42e9-b545-e5b6592041c1\"}],\"Version\":\"2012-10-17\"}",
            "policy_id": "ANPA42R3NENYG7YQAQKKJ",
            "tags": null,
            "tags_all": {}
          },
          "sensitive_attributes": [],
          "private": "bnVsbA==",
          "dependencies": [
            "module.my_eks_cluster.module.eks_cluster.aws_iam_role.this",
            "module.my_eks_cluster.module.eks_cluster.data.aws_caller_identity.current",
            "module.my_eks_cluster.module.eks_cluster.data.aws_iam_policy_document.assume_role_policy",
            "module.my_eks_cluster.module.eks_cluster.data.aws_iam_session_context.current",
            "module.my_eks_cluster.module.eks_cluster.data.aws_partition.current",
            "module.my_eks_cluster.module.eks_cluster.module.kms.aws_kms_external_key.this",
            "module.my_eks_cluster.module.eks_cluster.module.kms.aws_kms_key.this",
            "module.my_eks_cluster.module.eks_cluster.module.kms.aws_kms_replica_external_key.this",
            "module.my_eks_cluster.module.eks_cluster.module.kms.aws_kms_replica_key.this",
            "module.my_eks_cluster.module.eks_cluster.module.kms.data.aws_caller_identity.current",
            "module.my_eks_cluster.module.eks_cluster.module.kms.data.aws_iam_policy_document.this",
            "module.my_eks_cluster.module.eks_cluster.module.kms.data.aws_partition.current"
          ]
        }
      ]
    },
    {
      "module": "module.my_eks_cluster.module.eks_cluster",
      "mode": "managed",
      "type": "aws_iam_role",
      "name": "this",
      "provider": "module.my_eks_cluster.provider[\"registry.terraform.io/hashicorp/aws\"]",
      "instances": [
        {
          "index_key": 0,
          "schema_version": 0,
          "attributes": {
            "arn": "arn:aws:iam::881666630512:role/my_eks_cluster-cluster-20240108164404177600000004",
            "assume_role_policy": "{\"Statement\":[{\"Action\":\"sts:AssumeRole\",\"Effect\":\"Allow\",\"Principal\":{\"Service\":\"eks.amazonaws.com\"},\"Sid\":\"EKSClusterAssumeRole\"}],\"Version\":\"2012-10-17\"}",
            "create_date": "2024-01-08T16:44:04Z",
            "description": "",
            "force_detach_policies": true,
            "id": "my_eks_cluster-cluster-20240108164404177600000004",
            "inline_policy": [
              {
                "name": "my_eks_cluster-cluster",
                "policy": "{\"Version\":\"2012-10-17\",\"Statement\":[{\"Action\":[\"logs:CreateLogGroup\"],\"Effect\":\"Deny\",\"Resource\":\"*\"}]}"
              }
            ],
            "managed_policy_arns": [],
            "max_session_duration": 3600,
            "name": "my_eks_cluster-cluster-20240108164404177600000004",
            "name_prefix": "my_eks_cluster-cluster-",
            "path": "/",
            "permissions_boundary": "",
            "tags": null,
            "tags_all": {},
            "unique_id": "AROA42R3NENYKJKYBOMX6"
          },
          "sensitive_attributes": [],
          "private": "bnVsbA==",
          "dependencies": [
            "module.my_eks_cluster.module.eks_cluster.data.aws_iam_policy_document.assume_role_policy",
            "module.my_eks_cluster.module.eks_cluster.data.aws_partition.current"
          ],
          "create_before_destroy": true
        }
      ]
    },
    {
      "module": "module.my_eks_cluster.module.eks_cluster",
      "mode": "managed",
      "type": "aws_iam_role_policy_attachment",
      "name": "cluster_encryption",
      "provider": "module.my_eks_cluster.provider[\"registry.terraform.io/hashicorp/aws\"]",
      "instances": [
        {
          "index_key": 0,
          "schema_version": 0,
          "attributes": {
            "id": "my_eks_cluster-cluster-20240108164404177600000004-2024010816442068260000000b",
            "policy_arn": "arn:aws:iam::881666630512:policy/my_eks_cluster-cluster-ClusterEncryption2024010816442036870000000a",
            "role": "my_eks_cluster-cluster-20240108164404177600000004"
          },
          "sensitive_attributes": [],
          "private": "bnVsbA==",
          "dependencies": [
            "module.my_eks_cluster.module.eks_cluster.aws_iam_policy.cluster_encryption",
            "module.my_eks_cluster.module.eks_cluster.aws_iam_role.this",
            "module.my_eks_cluster.module.eks_cluster.data.aws_caller_identity.current",
            "module.my_eks_cluster.module.eks_cluster.data.aws_iam_policy_document.assume_role_policy",
            "module.my_eks_cluster.module.eks_cluster.data.aws_iam_session_context.current",
            "module.my_eks_cluster.module.eks_cluster.data.aws_partition.current",
            "module.my_eks_cluster.module.eks_cluster.module.kms.aws_kms_external_key.this",
            "module.my_eks_cluster.module.eks_cluster.module.kms.aws_kms_key.this",
            "module.my_eks_cluster.module.eks_cluster.module.kms.aws_kms_replica_external_key.this",
            "module.my_eks_cluster.module.eks_cluster.module.kms.aws_kms_replica_key.this",
            "module.my_eks_cluster.module.eks_cluster.module.kms.data.aws_caller_identity.current",
            "module.my_eks_cluster.module.eks_cluster.module.kms.data.aws_iam_policy_document.this",
            "module.my_eks_cluster.module.eks_cluster.module.kms.data.aws_partition.current"
          ]
        }
      ]
    },
    {
      "module": "module.my_eks_cluster.module.eks_cluster",
      "mode": "managed",
      "type": "aws_iam_role_policy_attachment",
      "name": "this",
      "provider": "module.my_eks_cluster.provider[\"registry.terraform.io/hashicorp/aws\"]",
      "instances": [
        {
          "index_key": "AmazonEKSClusterPolicy",
          "schema_version": 0,
          "attributes": {
            "id": "my_eks_cluster-cluster-20240108164404177600000004-20240108164404727800000009",
            "policy_arn": "arn:aws:iam::aws:policy/AmazonEKSClusterPolicy",
            "role": "my_eks_cluster-cluster-20240108164404177600000004"
          },
          "sensitive_attributes": [],
          "private": "bnVsbA==",
          "dependencies": [
            "module.my_eks_cluster.module.eks_cluster.aws_iam_role.this",
            "module.my_eks_cluster.module.eks_cluster.data.aws_iam_policy_document.assume_role_policy",
            "module.my_eks_cluster.module.eks_cluster.data.aws_partition.current"
          ],
          "create_before_destroy": true
        },
        {
          "index_key": "AmazonEKSVPCResourceController",
          "schema_version": 0,
          "attributes": {
            "id": "my_eks_cluster-cluster-20240108164404177600000004-20240108164404726100000008",
            "policy_arn": "arn:aws:iam::aws:policy/AmazonEKSVPCResourceController",
            "role": "my_eks_cluster-cluster-20240108164404177600000004"
          },
          "sensitive_attributes": [],
          "private": "bnVsbA==",
          "dependencies": [
            "module.my_eks_cluster.module.eks_cluster.aws_iam_role.this",
            "module.my_eks_cluster.module.eks_cluster.data.aws_iam_policy_document.assume_role_policy",
            "module.my_eks_cluster.module.eks_cluster.data.aws_partition.current"
          ],
          "create_before_destroy": true
        }
      ]
    },
    {
      "module": "module.my_eks_cluster.module.eks_cluster",
      "mode": "managed",
      "type": "aws_security_group",
      "name": "cluster",
      "provider": "module.my_eks_cluster.provider[\"registry.terraform.io/hashicorp/aws\"]",
      "instances": [
        {
          "index_key": 0,
          "schema_version": 1,
          "attributes": {
            "arn": "arn:aws:ec2:ca-central-1:881666630512:security-group/sg-0ad067a1f076f9f7f",
            "description": "EKS cluster security group",
            "egress": [],
            "id": "sg-0ad067a1f076f9f7f",
            "ingress": [],
            "name": "my_eks_cluster-cluster-20240108164404167300000002",
            "name_prefix": "my_eks_cluster-cluster-",
            "owner_id": "881666630512",
            "revoke_rules_on_delete": false,
            "tags": {
              "Name": "my_eks_cluster-cluster"
            },
            "tags_all": {
              "Name": "my_eks_cluster-cluster"
            },
            "timeouts": null,
            "vpc_id": "vpc-0dd9880eb96354c16"
          },
          "sensitive_attributes": [],
          "private": "eyJlMmJmYjczMC1lY2FhLTExZTYtOGY4OC0zNDM2M2JjN2M0YzAiOnsiY3JlYXRlIjo2MDAwMDAwMDAwMDAsImRlbGV0ZSI6OTAwMDAwMDAwMDAwfSwic2NoZW1hX3ZlcnNpb24iOiIxIn0=",
          "create_before_destroy": true
        }
      ]
    },
    {
      "module": "module.my_eks_cluster.module.eks_cluster",
      "mode": "managed",
      "type": "aws_security_group",
      "name": "node",
      "provider": "module.my_eks_cluster.provider[\"registry.terraform.io/hashicorp/aws\"]",
      "instances": [
        {
          "index_key": 0,
          "schema_version": 1,
          "attributes": {
            "arn": "arn:aws:ec2:ca-central-1:881666630512:security-group/sg-02c54a29073091d2c",
            "description": "EKS node shared security group",
            "egress": [],
            "id": "sg-02c54a29073091d2c",
            "ingress": [],
            "name": "my_eks_cluster-node-20240108164404173000000003",
            "name_prefix": "my_eks_cluster-node-",
            "owner_id": "881666630512",
            "revoke_rules_on_delete": false,
            "tags": {
              "Name": "my_eks_cluster-node",
              "kubernetes.io/cluster/my_eks_cluster": "owned"
            },
            "tags_all": {
              "Name": "my_eks_cluster-node",
              "kubernetes.io/cluster/my_eks_cluster": "owned"
            },
            "timeouts": null,
            "vpc_id": "vpc-0dd9880eb96354c16"
          },
          "sensitive_attributes": [],
          "private": "eyJlMmJmYjczMC1lY2FhLTExZTYtOGY4OC0zNDM2M2JjN2M0YzAiOnsiY3JlYXRlIjo2MDAwMDAwMDAwMDAsImRlbGV0ZSI6OTAwMDAwMDAwMDAwfSwic2NoZW1hX3ZlcnNpb24iOiIxIn0=",
          "create_before_destroy": true
        }
      ]
    },
    {
      "module": "module.my_eks_cluster.module.eks_cluster",
      "mode": "managed",
      "type": "aws_security_group_rule",
      "name": "cluster",
      "provider": "module.my_eks_cluster.provider[\"registry.terraform.io/hashicorp/aws\"]",
      "instances": [
        {
          "index_key": "ingress_nodes_443",
          "schema_version": 2,
          "attributes": {
            "cidr_blocks": null,
            "description": "Node groups to cluster API",
            "from_port": 443,
            "id": "sgrule-3284021258",
            "ipv6_cidr_blocks": null,
            "prefix_list_ids": null,
            "protocol": "tcp",
            "security_group_id": "sg-0ad067a1f076f9f7f",
            "security_group_rule_id": "sgr-0d970f0e9165536bc",
            "self": false,
            "source_security_group_id": "sg-02c54a29073091d2c",
            "timeouts": null,
            "to_port": 443,
            "type": "ingress"
          },
          "sensitive_attributes": [],
          "private": "eyJlMmJmYjczMC1lY2FhLTExZTYtOGY4OC0zNDM2M2JjN2M0YzAiOnsiY3JlYXRlIjozMDAwMDAwMDAwMDB9LCJzY2hlbWFfdmVyc2lvbiI6IjIifQ==",
          "dependencies": [
            "module.my_eks_cluster.module.eks_cluster.aws_security_group.cluster",
            "module.my_eks_cluster.module.eks_cluster.aws_security_group.node"
          ],
          "create_before_destroy": true
        }
      ]
    },
    {
      "module": "module.my_eks_cluster.module.eks_cluster",
      "mode": "managed",
      "type": "aws_security_group_rule",
      "name": "node",
      "provider": "module.my_eks_cluster.provider[\"registry.terraform.io/hashicorp/aws\"]",
      "instances": [
        {
          "index_key": "egress_all",
          "schema_version": 2,
          "attributes": {
            "cidr_blocks": [
              "0.0.0.0/0"
            ],
            "description": "Allow all egress",
            "from_port": 0,
            "id": "sgrule-3395685275",
            "ipv6_cidr_blocks": null,
            "prefix_list_ids": [],
            "protocol": "-1",
            "security_group_id": "sg-02c54a29073091d2c",
            "security_group_rule_id": "sgr-0c84b4b3cdf8cf4c5",
            "self": false,
            "source_security_group_id": null,
            "timeouts": null,
            "to_port": 0,
            "type": "egress"
          },
          "sensitive_attributes": [],
          "private": "eyJlMmJmYjczMC1lY2FhLTExZTYtOGY4OC0zNDM2M2JjN2M0YzAiOnsiY3JlYXRlIjozMDAwMDAwMDAwMDB9LCJzY2hlbWFfdmVyc2lvbiI6IjIifQ==",
          "dependencies": [
            "module.my_eks_cluster.module.eks_cluster.aws_security_group.cluster",
            "module.my_eks_cluster.module.eks_cluster.aws_security_group.node"
          ],
          "create_before_destroy": true
        },
        {
          "index_key": "ingress_cluster_443",
          "schema_version": 2,
          "attributes": {
            "cidr_blocks": null,
            "description": "Cluster API to node groups",
            "from_port": 443,
            "id": "sgrule-43946267",
            "ipv6_cidr_blocks": null,
            "prefix_list_ids": [],
            "protocol": "tcp",
            "security_group_id": "sg-02c54a29073091d2c",
            "security_group_rule_id": "sgr-0f99de095ef644733",
            "self": false,
            "source_security_group_id": "sg-0ad067a1f076f9f7f",
            "timeouts": null,
            "to_port": 443,
            "type": "ingress"
          },
          "sensitive_attributes": [],
          "private": "eyJlMmJmYjczMC1lY2FhLTExZTYtOGY4OC0zNDM2M2JjN2M0YzAiOnsiY3JlYXRlIjozMDAwMDAwMDAwMDB9LCJzY2hlbWFfdmVyc2lvbiI6IjIifQ==",
          "dependencies": [
            "module.my_eks_cluster.module.eks_cluster.aws_security_group.cluster",
            "module.my_eks_cluster.module.eks_cluster.aws_security_group.node"
          ],
          "create_before_destroy": true
        },
        {
          "index_key": "ingress_cluster_4443_webhook",
          "schema_version": 2,
          "attributes": {
            "cidr_blocks": null,
            "description": "Cluster API to node 4443/tcp webhook",
            "from_port": 4443,
            "id": "sgrule-2288617010",
            "ipv6_cidr_blocks": null,
            "prefix_list_ids": [],
            "protocol": "tcp",
            "security_group_id": "sg-02c54a29073091d2c",
            "security_group_rule_id": "sgr-08d90a2094c400670",
            "self": false,
            "source_security_group_id": "sg-0ad067a1f076f9f7f",
            "timeouts": null,
            "to_port": 4443,
            "type": "ingress"
          },
          "sensitive_attributes": [],
          "private": "eyJlMmJmYjczMC1lY2FhLTExZTYtOGY4OC0zNDM2M2JjN2M0YzAiOnsiY3JlYXRlIjozMDAwMDAwMDAwMDB9LCJzY2hlbWFfdmVyc2lvbiI6IjIifQ==",
          "dependencies": [
            "module.my_eks_cluster.module.eks_cluster.aws_security_group.cluster",
            "module.my_eks_cluster.module.eks_cluster.aws_security_group.node"
          ],
          "create_before_destroy": true
        },
        {
          "index_key": "ingress_cluster_6443_webhook",
          "schema_version": 2,
          "attributes": {
            "cidr_blocks": null,
            "description": "Cluster API to node 6443/tcp webhook",
            "from_port": 6443,
            "id": "sgrule-1093394852",
            "ipv6_cidr_blocks": null,
            "prefix_list_ids": [],
            "protocol": "tcp",
            "security_group_id": "sg-02c54a29073091d2c",
            "security_group_rule_id": "sgr-00346fd52b3d6bbb6",
            "self": false,
            "source_security_group_id": "sg-0ad067a1f076f9f7f",
            "timeouts": null,
            "to_port": 6443,
            "type": "ingress"
          },
          "sensitive_attributes": [],
          "private": "eyJlMmJmYjczMC1lY2FhLTExZTYtOGY4OC0zNDM2M2JjN2M0YzAiOnsiY3JlYXRlIjozMDAwMDAwMDAwMDB9LCJzY2hlbWFfdmVyc2lvbiI6IjIifQ==",
          "dependencies": [
            "module.my_eks_cluster.module.eks_cluster.aws_security_group.cluster",
            "module.my_eks_cluster.module.eks_cluster.aws_security_group.node"
          ],
          "create_before_destroy": true
        },
        {
          "index_key": "ingress_cluster_8443_webhook",
          "schema_version": 2,
          "attributes": {
            "cidr_blocks": null,
            "description": "Cluster API to node 8443/tcp webhook",
            "from_port": 8443,
            "id": "sgrule-1383587205",
            "ipv6_cidr_blocks": null,
            "prefix_list_ids": [],
            "protocol": "tcp",
            "security_group_id": "sg-02c54a29073091d2c",
            "security_group_rule_id": "sgr-0d8123ea7aa37d002",
            "self": false,
            "source_security_group_id": "sg-0ad067a1f076f9f7f",
            "timeouts": null,
            "to_port": 8443,
            "type": "ingress"
          },
          "sensitive_attributes": [],
          "private": "eyJlMmJmYjczMC1lY2FhLTExZTYtOGY4OC0zNDM2M2JjN2M0YzAiOnsiY3JlYXRlIjozMDAwMDAwMDAwMDB9LCJzY2hlbWFfdmVyc2lvbiI6IjIifQ==",
          "dependencies": [
            "module.my_eks_cluster.module.eks_cluster.aws_security_group.cluster",
            "module.my_eks_cluster.module.eks_cluster.aws_security_group.node"
          ],
          "create_before_destroy": true
        },
        {
          "index_key": "ingress_cluster_9443_webhook",
          "schema_version": 2,
          "attributes": {
            "cidr_blocks": null,
            "description": "Cluster API to node 9443/tcp webhook",
            "from_port": 9443,
            "id": "sgrule-920055374",
            "ipv6_cidr_blocks": null,
            "prefix_list_ids": [],
            "protocol": "tcp",
            "security_group_id": "sg-02c54a29073091d2c",
            "security_group_rule_id": "sgr-0e0270cad5872b8eb",
            "self": false,
            "source_security_group_id": "sg-0ad067a1f076f9f7f",
            "timeouts": null,
            "to_port": 9443,
            "type": "ingress"
          },
          "sensitive_attributes": [],
          "private": "eyJlMmJmYjczMC1lY2FhLTExZTYtOGY4OC0zNDM2M2JjN2M0YzAiOnsiY3JlYXRlIjozMDAwMDAwMDAwMDB9LCJzY2hlbWFfdmVyc2lvbiI6IjIifQ==",
          "dependencies": [
            "module.my_eks_cluster.module.eks_cluster.aws_security_group.cluster",
            "module.my_eks_cluster.module.eks_cluster.aws_security_group.node"
          ],
          "create_before_destroy": true
        },
        {
          "index_key": "ingress_cluster_kubelet",
          "schema_version": 2,
          "attributes": {
            "cidr_blocks": null,
            "description": "Cluster API to node kubelets",
            "from_port": 10250,
            "id": "sgrule-4103782759",
            "ipv6_cidr_blocks": null,
            "prefix_list_ids": [],
            "protocol": "tcp",
            "security_group_id": "sg-02c54a29073091d2c",
            "security_group_rule_id": "sgr-0ace588cc12e0c942",
            "self": false,
            "source_security_group_id": "sg-0ad067a1f076f9f7f",
            "timeouts": null,
            "to_port": 10250,
            "type": "ingress"
          },
          "sensitive_attributes": [],
          "private": "eyJlMmJmYjczMC1lY2FhLTExZTYtOGY4OC0zNDM2M2JjN2M0YzAiOnsiY3JlYXRlIjozMDAwMDAwMDAwMDB9LCJzY2hlbWFfdmVyc2lvbiI6IjIifQ==",
          "dependencies": [
            "module.my_eks_cluster.module.eks_cluster.aws_security_group.cluster",
            "module.my_eks_cluster.module.eks_cluster.aws_security_group.node"
          ],
          "create_before_destroy": true
        },
        {
          "index_key": "ingress_nodes_ephemeral",
          "schema_version": 2,
          "attributes": {
            "cidr_blocks": null,
            "description": "Node to node ingress on ephemeral ports",
            "from_port": 1025,
            "id": "sgrule-3782425423",
            "ipv6_cidr_blocks": null,
            "prefix_list_ids": [],
            "protocol": "tcp",
            "security_group_id": "sg-02c54a29073091d2c",
            "security_group_rule_id": "sgr-00b2118c815a930aa",
            "self": true,
            "source_security_group_id": null,
            "timeouts": null,
            "to_port": 65535,
            "type": "ingress"
          },
          "sensitive_attributes": [],
          "private": "eyJlMmJmYjczMC1lY2FhLTExZTYtOGY4OC0zNDM2M2JjN2M0YzAiOnsiY3JlYXRlIjozMDAwMDAwMDAwMDB9LCJzY2hlbWFfdmVyc2lvbiI6IjIifQ==",
          "dependencies": [
            "module.my_eks_cluster.module.eks_cluster.aws_security_group.cluster",
            "module.my_eks_cluster.module.eks_cluster.aws_security_group.node"
          ],
          "create_before_destroy": true
        },
        {
          "index_key": "ingress_self_coredns_tcp",
          "schema_version": 2,
          "attributes": {
            "cidr_blocks": null,
            "description": "Node to node CoreDNS",
            "from_port": 53,
            "id": "sgrule-3987074495",
            "ipv6_cidr_blocks": null,
            "prefix_list_ids": [],
            "protocol": "tcp",
            "security_group_id": "sg-02c54a29073091d2c",
            "security_group_rule_id": "sgr-064098e244a56baa1",
            "self": true,
            "source_security_group_id": null,
            "timeouts": null,
            "to_port": 53,
            "type": "ingress"
          },
          "sensitive_attributes": [],
          "private": "eyJlMmJmYjczMC1lY2FhLTExZTYtOGY4OC0zNDM2M2JjN2M0YzAiOnsiY3JlYXRlIjozMDAwMDAwMDAwMDB9LCJzY2hlbWFfdmVyc2lvbiI6IjIifQ==",
          "dependencies": [
            "module.my_eks_cluster.module.eks_cluster.aws_security_group.cluster",
            "module.my_eks_cluster.module.eks_cluster.aws_security_group.node"
          ],
          "create_before_destroy": true
        },
        {
          "index_key": "ingress_self_coredns_udp",
          "schema_version": 2,
          "attributes": {
            "cidr_blocks": null,
            "description": "Node to node CoreDNS UDP",
            "from_port": 53,
            "id": "sgrule-1241140816",
            "ipv6_cidr_blocks": null,
            "prefix_list_ids": [],
            "protocol": "udp",
            "security_group_id": "sg-02c54a29073091d2c",
            "security_group_rule_id": "sgr-0f225c0377a5d38f8",
            "self": true,
            "source_security_group_id": null,
            "timeouts": null,
            "to_port": 53,
            "type": "ingress"
          },
          "sensitive_attributes": [],
          "private": "eyJlMmJmYjczMC1lY2FhLTExZTYtOGY4OC0zNDM2M2JjN2M0YzAiOnsiY3JlYXRlIjozMDAwMDAwMDAwMDB9LCJzY2hlbWFfdmVyc2lvbiI6IjIifQ==",
          "dependencies": [
            "module.my_eks_cluster.module.eks_cluster.aws_security_group.cluster",
            "module.my_eks_cluster.module.eks_cluster.aws_security_group.node"
          ],
          "create_before_destroy": true
        }
      ]
    },
    {
      "module": "module.my_eks_cluster.module.eks_cluster",
      "mode": "managed",
      "type": "time_sleep",
      "name": "this",
      "provider": "provider[\"registry.terraform.io/hashicorp/time\"]",
      "instances": [
        {
          "index_key": 0,
          "schema_version": 0,
          "attributes": {
            "create_duration": "30s",
            "destroy_duration": null,
            "id": "2024-01-08T16:53:24Z",
            "triggers": {
              "cluster_certificate_authority_data": "LS0tLS1CRUdJTiBDRVJUSUZJQ0FURS0tLS0tCk1JSURCVENDQWUyZ0F3SUJBZ0lJSnZLUDkrZ2ZkZ2d3RFFZSktvWklodmNOQVFFTEJRQXdGVEVUTUJFR0ExVUUKQXhNS2EzVmlaWEp1WlhSbGN6QWVGdzB5TkRBeE1EZ3hOalF6TkRkYUZ3MHpOREF4TURVeE5qUTRORGRhTUJVeApFekFSQmdOVkJBTVRDbXQxWW1WeWJtVjBaWE13Z2dFaU1BMEdDU3FHU0liM0RRRUJBUVVBQTRJQkR3QXdnZ0VLCkFvSUJBUUMvNjErc1kxRFZscUdvREc0S2NkaGhDNmFsZzc2clhBZk1jcDVwcnptTFlkRkdLVExjc2l2cFZNV1kKa1VWODZVS01uMnJDRWhMNzBCM1BZRXltSWFIb2kxeGZtMTA4TlBTcXA4MHhYQnFoRXlxYjl3SU1WeVdHMU5YawprTVVvSjA4OC9CaVNndlNJQTRDRXFRc3VOYVRXTmRMM1A4amdvMWtyYmc1U3hrRWFRNXlHNEJYWHI4SGU4Sng3CjM2ZUVaZndwZWNRM0JUaTFsS0E4ck4zSGxMZnR4NDh6L1hJeDdCZDdiMU9jUm8vSG5lMzhDWlB4Zmp6cUFyRmIKb0NVTGU5Q01MZ1lmbGRjSUZjUEU5Z2h3MUxFTnVaeWlHV0Z6MGg4MFI4ZnBBNTlNMFhuK2VpbHBoc2ZoQjBKdwpQL21BbU9leldzQWVNSkRWNHJzQVFwTHA2VlpMQWdNQkFBR2pXVEJYTUE0R0ExVWREd0VCL3dRRUF3SUNwREFQCkJnTlZIUk1CQWY4RUJUQURBUUgvTUIwR0ExVWREZ1FXQkJTZ1pCK0phbXo0S1ZvU1pHcEJvM0M5elZONlBEQVYKQmdOVkhSRUVEakFNZ2dwcmRXSmxjbTVsZEdWek1BMEdDU3FHU0liM0RRRUJDd1VBQTRJQkFRQ29walVhQzczWQpZeTNzL01OeGo3UmY3SGp5dHNmdCtYK0p0dHlnNllTOTVNeFJmOFFKZFdhSlpvSkxKejRSS1lzQktLR2VVTGlZCmU0NlhSS2lXWmtvb3NxTVNHek9QUys2WXRtNWlmYU1sT21aK3B1RVk0Ly8vdDJmblpKTHNER1o4aHdDNXVlREYKb3lQRTlNYlYwQjZlOEkvN0RQenQyNmdobTJzd2Z4cFZ1WjdHQ1R0NW5ZY1NmaTlIQ2NtV2w1bExlUnNtUEp4MgpiVDJCcmZSUnJyL1NRMC85aElncW5rRlZxNzA3UnEvK3VzSHJ6WTdMQ1YycVUvem1TdFUrMVM3K0JYNTBwK1VsClBvMG9IWFh6TG1PdWxqVTBVZ2Zyb0dYZk5RUEZaalpLTGJUT3RDUjlOcE15SzN3Qm8xQ01VaU5ZYVJOaFA4QTAKQzJXQ1ltWjNUMGJHCi0tLS0tRU5EIENFUlRJRklDQVRFLS0tLS0K",
              "cluster_endpoint": "https://80122861DBF2CC8660410263EF23EC61.gr7.ca-central-1.eks.amazonaws.com",
              "cluster_name": "my_eks_cluster",
              "cluster_version": "1.28"
            }
          },
          "sensitive_attributes": [],
          "dependencies": [
            "module.my_eks_cluster.module.eks_cluster.aws_cloudwatch_log_group.this",
            "module.my_eks_cluster.module.eks_cluster.aws_eks_cluster.this",
            "module.my_eks_cluster.module.eks_cluster.aws_iam_policy.cni_ipv6_policy",
            "module.my_eks_cluster.module.eks_cluster.aws_iam_role.this",
            "module.my_eks_cluster.module.eks_cluster.aws_iam_role_policy_attachment.this",
            "module.my_eks_cluster.module.eks_cluster.aws_security_group.cluster",
            "module.my_eks_cluster.module.eks_cluster.aws_security_group.node",
            "module.my_eks_cluster.module.eks_cluster.aws_security_group_rule.cluster",
            "module.my_eks_cluster.module.eks_cluster.aws_security_group_rule.node",
            "module.my_eks_cluster.module.eks_cluster.data.aws_caller_identity.current",
            "module.my_eks_cluster.module.eks_cluster.data.aws_iam_policy_document.assume_role_policy",
            "module.my_eks_cluster.module.eks_cluster.data.aws_iam_policy_document.cni_ipv6_policy",
            "module.my_eks_cluster.module.eks_cluster.data.aws_iam_session_context.current",
            "module.my_eks_cluster.module.eks_cluster.data.aws_partition.current",
            "module.my_eks_cluster.module.eks_cluster.module.kms.aws_kms_external_key.this",
            "module.my_eks_cluster.module.eks_cluster.module.kms.aws_kms_key.this",
            "module.my_eks_cluster.module.eks_cluster.module.kms.aws_kms_replica_external_key.this",
            "module.my_eks_cluster.module.eks_cluster.module.kms.aws_kms_replica_key.this",
            "module.my_eks_cluster.module.eks_cluster.module.kms.data.aws_caller_identity.current",
            "module.my_eks_cluster.module.eks_cluster.module.kms.data.aws_iam_policy_document.this",
            "module.my_eks_cluster.module.eks_cluster.module.kms.data.aws_partition.current"
          ],
          "create_before_destroy": true
        }
      ]
    },
    {
      "module": "module.my_eks_cluster.module.eks_cluster.module.eks_managed_node_group[\"eks_nodes\"]",
      "mode": "data",
      "type": "aws_caller_identity",
      "name": "current",
      "provider": "module.my_eks_cluster.provider[\"registry.terraform.io/hashicorp/aws\"]",
      "instances": [
        {
          "schema_version": 0,
          "attributes": {
            "account_id": "881666630512",
            "arn": "arn:aws:iam::881666630512:user/costa.galazios",
            "id": "881666630512",
            "user_id": "AIDA42R3NENYBL57VMYIU"
          },
          "sensitive_attributes": []
        }
      ]
    },
    {
      "module": "module.my_eks_cluster.module.eks_cluster.module.eks_managed_node_group[\"eks_nodes\"]",
      "mode": "data",
      "type": "aws_iam_policy_document",
      "name": "assume_role_policy",
      "provider": "module.my_eks_cluster.provider[\"registry.terraform.io/hashicorp/aws\"]",
      "instances": [
        {
          "index_key": 0,
          "schema_version": 0,
          "attributes": {
            "id": "2560088296",
            "json": "{\n  \"Version\": \"2012-10-17\",\n  \"Statement\": [\n    {\n      \"Sid\": \"EKSNodeAssumeRole\",\n      \"Effect\": \"Allow\",\n      \"Action\": \"sts:AssumeRole\",\n      \"Principal\": {\n        \"Service\": \"ec2.amazonaws.com\"\n      }\n    }\n  ]\n}",
            "override_policy_documents": null,
            "policy_id": null,
            "source_policy_documents": null,
            "statement": [
              {
                "actions": [
                  "sts:AssumeRole"
                ],
                "condition": [],
                "effect": "Allow",
                "not_actions": [],
                "not_principals": [],
                "not_resources": [],
                "principals": [
                  {
                    "identifiers": [
                      "ec2.amazonaws.com"
                    ],
                    "type": "Service"
                  }
                ],
                "resources": [],
                "sid": "EKSNodeAssumeRole"
              }
            ],
            "version": "2012-10-17"
          },
          "sensitive_attributes": []
        }
      ]
    },
    {
      "module": "module.my_eks_cluster.module.eks_cluster.module.eks_managed_node_group[\"eks_nodes\"]",
      "mode": "data",
      "type": "aws_partition",
      "name": "current",
      "provider": "module.my_eks_cluster.provider[\"registry.terraform.io/hashicorp/aws\"]",
      "instances": [
        {
          "schema_version": 0,
          "attributes": {
            "dns_suffix": "amazonaws.com",
            "id": "aws",
            "partition": "aws",
            "reverse_dns_prefix": "com.amazonaws"
          },
          "sensitive_attributes": []
        }
      ]
    },
    {
      "module": "module.my_eks_cluster.module.eks_cluster.module.eks_managed_node_group[\"eks_nodes\"]",
      "mode": "managed",
      "type": "aws_eks_node_group",
      "name": "this",
      "provider": "module.my_eks_cluster.provider[\"registry.terraform.io/hashicorp/aws\"]",
      "instances": [
        {
          "index_key": 0,
          "schema_version": 0,
          "attributes": {
            "ami_type": "AL2_x86_64",
            "arn": "arn:aws:eks:ca-central-1:881666630512:nodegroup/my_eks_cluster/eks_nodes-2024010816532453350000000e/10c674ff-22f0-4c0f-e10b-e2e2ef836da8",
            "capacity_type": "ON_DEMAND",
            "cluster_name": "my_eks_cluster",
            "disk_size": 0,
            "force_update_version": null,
            "id": "my_eks_cluster:eks_nodes-2024010816532453350000000e",
            "instance_types": [
              "t3.medium"
            ],
            "labels": null,
            "launch_template": [
              {
                "id": "lt-05f49e3d5b520c963",
                "name": "eks_nodes-2024010816532432030000000c",
                "version": "1"
              }
            ],
            "node_group_name": "eks_nodes-2024010816532453350000000e",
            "node_group_name_prefix": "eks_nodes-",
            "node_role_arn": "arn:aws:iam::881666630512:role/eks_nodes-eks-node-group-20240108164404145600000001",
            "release_version": "1.28.3-20231230",
            "remote_access": [],
            "resources": [
              {
                "autoscaling_groups": [
                  {
                    "name": "eks-eks_nodes-2024010816532453350000000e-10c674ff-22f0-4c0f-e10b-e2e2ef836da8"
                  }
                ],
                "remote_access_security_group_id": ""
              }
            ],
            "scaling_config": [
              {
                "desired_size": 1,
                "max_size": 3,
                "min_size": 1
              }
            ],
            "status": "ACTIVE",
            "subnet_ids": [
              "subnet-05e3236054c7d0853",
              "subnet-0a3dd63e625135a8c",
              "subnet-0e46c7cd67f6c04f7"
            ],
            "tags": {
              "Name": "eks_nodes"
            },
            "tags_all": {
              "Name": "eks_nodes"
            },
            "taint": [],
            "timeouts": {
              "create": null,
              "delete": null,
              "update": null
            },
            "update_config": [
              {
                "max_unavailable": 0,
                "max_unavailable_percentage": 33
              }
            ],
            "version": "1.28"
          },
          "sensitive_attributes": [],
          "private": "eyJlMmJmYjczMC1lY2FhLTExZTYtOGY4OC0zNDM2M2JjN2M0YzAiOnsiY3JlYXRlIjozNjAwMDAwMDAwMDAwLCJkZWxldGUiOjM2MDAwMDAwMDAwMDAsInVwZGF0ZSI6MzYwMDAwMDAwMDAwMH19",
          "dependencies": [
            "module.my_eks_cluster.module.eks_cluster.aws_cloudwatch_log_group.this",
            "module.my_eks_cluster.module.eks_cluster.aws_eks_cluster.this",
            "module.my_eks_cluster.module.eks_cluster.aws_iam_policy.cni_ipv6_policy",
            "module.my_eks_cluster.module.eks_cluster.aws_iam_role.this",
            "module.my_eks_cluster.module.eks_cluster.aws_iam_role_policy_attachment.this",
            "module.my_eks_cluster.module.eks_cluster.aws_security_group.cluster",
            "module.my_eks_cluster.module.eks_cluster.aws_security_group.node",
            "module.my_eks_cluster.module.eks_cluster.aws_security_group_rule.cluster",
            "module.my_eks_cluster.module.eks_cluster.aws_security_group_rule.node",
            "module.my_eks_cluster.module.eks_cluster.data.aws_caller_identity.current",
            "module.my_eks_cluster.module.eks_cluster.data.aws_iam_policy_document.assume_role_policy",
            "module.my_eks_cluster.module.eks_cluster.data.aws_iam_policy_document.cni_ipv6_policy",
            "module.my_eks_cluster.module.eks_cluster.data.aws_iam_session_context.current",
            "module.my_eks_cluster.module.eks_cluster.data.aws_partition.current",
            "module.my_eks_cluster.module.eks_cluster.module.eks_managed_node_group.aws_iam_role.this",
            "module.my_eks_cluster.module.eks_cluster.module.eks_managed_node_group.aws_iam_role_policy_attachment.this",
            "module.my_eks_cluster.module.eks_cluster.module.eks_managed_node_group.aws_launch_template.this",
            "module.my_eks_cluster.module.eks_cluster.module.eks_managed_node_group.data.aws_caller_identity.current",
            "module.my_eks_cluster.module.eks_cluster.module.eks_managed_node_group.data.aws_iam_policy_document.assume_role_policy",
            "module.my_eks_cluster.module.eks_cluster.module.eks_managed_node_group.data.aws_partition.current",
            "module.my_eks_cluster.module.eks_cluster.module.eks_managed_node_group.module.user_data.data.cloudinit_config.linux_eks_managed_node_group",
            "module.my_eks_cluster.module.eks_cluster.module.kms.aws_kms_external_key.this",
            "module.my_eks_cluster.module.eks_cluster.module.kms.aws_kms_key.this",
            "module.my_eks_cluster.module.eks_cluster.module.kms.aws_kms_replica_external_key.this",
            "module.my_eks_cluster.module.eks_cluster.module.kms.aws_kms_replica_key.this",
            "module.my_eks_cluster.module.eks_cluster.module.kms.data.aws_caller_identity.current",
            "module.my_eks_cluster.module.eks_cluster.module.kms.data.aws_iam_policy_document.this",
            "module.my_eks_cluster.module.eks_cluster.module.kms.data.aws_partition.current",
            "module.my_eks_cluster.module.eks_cluster.time_sleep.this"
          ],
          "create_before_destroy": true
        }
      ]
    },
    {
      "module": "module.my_eks_cluster.module.eks_cluster.module.eks_managed_node_group[\"eks_nodes\"]",
      "mode": "managed",
      "type": "aws_iam_role",
      "name": "this",
      "provider": "module.my_eks_cluster.provider[\"registry.terraform.io/hashicorp/aws\"]",
      "instances": [
        {
          "index_key": 0,
          "schema_version": 0,
          "attributes": {
            "arn": "arn:aws:iam::881666630512:role/eks_nodes-eks-node-group-20240108164404145600000001",
            "assume_role_policy": "{\"Statement\":[{\"Action\":\"sts:AssumeRole\",\"Effect\":\"Allow\",\"Principal\":{\"Service\":\"ec2.amazonaws.com\"},\"Sid\":\"EKSNodeAssumeRole\"}],\"Version\":\"2012-10-17\"}",
            "create_date": "2024-01-08T16:44:04Z",
            "description": "EKS managed node group IAM role",
            "force_detach_policies": true,
            "id": "eks_nodes-eks-node-group-20240108164404145600000001",
            "inline_policy": [],
            "managed_policy_arns": [],
            "max_session_duration": 3600,
            "name": "eks_nodes-eks-node-group-20240108164404145600000001",
            "name_prefix": "eks_nodes-eks-node-group-",
            "path": "/",
            "permissions_boundary": "",
            "tags": null,
            "tags_all": {},
            "unique_id": "AROA42R3NENYKU555IH7N"
          },
          "sensitive_attributes": [],
          "private": "bnVsbA==",
          "dependencies": [
            "module.my_eks_cluster.module.eks_cluster.module.eks_managed_node_group.data.aws_iam_policy_document.assume_role_policy",
            "module.my_eks_cluster.module.eks_cluster.module.eks_managed_node_group.data.aws_partition.current"
          ],
          "create_before_destroy": true
        }
      ]
    },
    {
      "module": "module.my_eks_cluster.module.eks_cluster.module.eks_managed_node_group[\"eks_nodes\"]",
      "mode": "managed",
      "type": "aws_iam_role_policy_attachment",
      "name": "this",
      "provider": "module.my_eks_cluster.provider[\"registry.terraform.io/hashicorp/aws\"]",
      "instances": [
        {
          "index_key": "arn:aws:iam::aws:policy/AmazonEC2ContainerRegistryReadOnly",
          "schema_version": 0,
          "attributes": {
            "id": "eks_nodes-eks-node-group-20240108164404145600000001-20240108164404577500000007",
            "policy_arn": "arn:aws:iam::aws:policy/AmazonEC2ContainerRegistryReadOnly",
            "role": "eks_nodes-eks-node-group-20240108164404145600000001"
          },
          "sensitive_attributes": [],
          "private": "bnVsbA==",
          "dependencies": [
            "module.my_eks_cluster.module.eks_cluster.module.eks_managed_node_group.aws_iam_role.this",
            "module.my_eks_cluster.module.eks_cluster.module.eks_managed_node_group.data.aws_caller_identity.current",
            "module.my_eks_cluster.module.eks_cluster.module.eks_managed_node_group.data.aws_iam_policy_document.assume_role_policy",
            "module.my_eks_cluster.module.eks_cluster.module.eks_managed_node_group.data.aws_partition.current"
          ],
          "create_before_destroy": true
        },
        {
          "index_key": "arn:aws:iam::aws:policy/AmazonEKSWorkerNodePolicy",
          "schema_version": 0,
          "attributes": {
            "id": "eks_nodes-eks-node-group-20240108164404145600000001-20240108164404537300000006",
            "policy_arn": "arn:aws:iam::aws:policy/AmazonEKSWorkerNodePolicy",
            "role": "eks_nodes-eks-node-group-20240108164404145600000001"
          },
          "sensitive_attributes": [],
          "private": "bnVsbA==",
          "dependencies": [
            "module.my_eks_cluster.module.eks_cluster.module.eks_managed_node_group.aws_iam_role.this",
            "module.my_eks_cluster.module.eks_cluster.module.eks_managed_node_group.data.aws_caller_identity.current",
            "module.my_eks_cluster.module.eks_cluster.module.eks_managed_node_group.data.aws_iam_policy_document.assume_role_policy",
            "module.my_eks_cluster.module.eks_cluster.module.eks_managed_node_group.data.aws_partition.current"
          ],
          "create_before_destroy": true
        },
        {
          "index_key": "arn:aws:iam::aws:policy/AmazonEKS_CNI_Policy",
          "schema_version": 0,
          "attributes": {
            "id": "eks_nodes-eks-node-group-20240108164404145600000001-20240108164404524100000005",
            "policy_arn": "arn:aws:iam::aws:policy/AmazonEKS_CNI_Policy",
            "role": "eks_nodes-eks-node-group-20240108164404145600000001"
          },
          "sensitive_attributes": [],
          "private": "bnVsbA==",
          "dependencies": [
            "module.my_eks_cluster.module.eks_cluster.module.eks_managed_node_group.aws_iam_role.this",
            "module.my_eks_cluster.module.eks_cluster.module.eks_managed_node_group.data.aws_caller_identity.current",
            "module.my_eks_cluster.module.eks_cluster.module.eks_managed_node_group.data.aws_iam_policy_document.assume_role_policy",
            "module.my_eks_cluster.module.eks_cluster.module.eks_managed_node_group.data.aws_partition.current"
          ],
          "create_before_destroy": true
        }
      ]
    },
    {
      "module": "module.my_eks_cluster.module.eks_cluster.module.eks_managed_node_group[\"eks_nodes\"]",
      "mode": "managed",
      "type": "aws_launch_template",
      "name": "this",
      "provider": "module.my_eks_cluster.provider[\"registry.terraform.io/hashicorp/aws\"]",
      "instances": [
        {
          "index_key": 0,
          "schema_version": 0,
          "attributes": {
            "arn": "arn:aws:ec2:ca-central-1:881666630512:launch-template/lt-05f49e3d5b520c963",
            "block_device_mappings": [],
            "capacity_reservation_specification": [],
            "cpu_options": [],
            "credit_specification": [],
            "default_version": 1,
            "description": "Custom launch template for eks_nodes EKS managed node group",
            "disable_api_stop": false,
            "disable_api_termination": false,
            "ebs_optimized": "",
            "elastic_gpu_specifications": [],
            "elastic_inference_accelerator": [],
            "enclave_options": [],
            "hibernation_options": [],
            "iam_instance_profile": [],
            "id": "lt-05f49e3d5b520c963",
            "image_id": "",
            "instance_initiated_shutdown_behavior": "",
            "instance_market_options": [],
            "instance_requirements": [],
            "instance_type": "",
            "kernel_id": "",
            "key_name": "",
            "latest_version": 1,
            "license_specification": [],
            "maintenance_options": [],
            "metadata_options": [
              {
                "http_endpoint": "enabled",
                "http_protocol_ipv6": "",
                "http_put_response_hop_limit": 2,
                "http_tokens": "required",
                "instance_metadata_tags": ""
              }
            ],
            "monitoring": [
              {
                "enabled": true
              }
            ],
            "name": "eks_nodes-2024010816532432030000000c",
            "name_prefix": "eks_nodes-",
            "network_interfaces": [],
            "placement": [],
            "private_dns_name_options": [],
            "ram_disk_id": "",
            "security_group_names": null,
            "tag_specifications": [
              {
                "resource_type": "instance",
                "tags": {
                  "Name": "eks_nodes"
                }
              },
              {
                "resource_type": "network-interface",
                "tags": {
                  "Name": "eks_nodes"
                }
              },
              {
                "resource_type": "volume",
                "tags": {
                  "Name": "eks_nodes"
                }
              }
            ],
            "tags": null,
            "tags_all": {},
            "update_default_version": true,
            "user_data": "",
            "vpc_security_group_ids": [
              "sg-02c54a29073091d2c"
            ]
          },
          "sensitive_attributes": [],
          "private": "bnVsbA==",
          "dependencies": [
            "module.my_eks_cluster.module.eks_cluster.aws_cloudwatch_log_group.this",
            "module.my_eks_cluster.module.eks_cluster.aws_eks_cluster.this",
            "module.my_eks_cluster.module.eks_cluster.aws_iam_policy.cni_ipv6_policy",
            "module.my_eks_cluster.module.eks_cluster.aws_iam_role.this",
            "module.my_eks_cluster.module.eks_cluster.aws_iam_role_policy_attachment.this",
            "module.my_eks_cluster.module.eks_cluster.aws_security_group.cluster",
            "module.my_eks_cluster.module.eks_cluster.aws_security_group.node",
            "module.my_eks_cluster.module.eks_cluster.aws_security_group_rule.cluster",
            "module.my_eks_cluster.module.eks_cluster.aws_security_group_rule.node",
            "module.my_eks_cluster.module.eks_cluster.data.aws_caller_identity.current",
            "module.my_eks_cluster.module.eks_cluster.data.aws_iam_policy_document.assume_role_policy",
            "module.my_eks_cluster.module.eks_cluster.data.aws_iam_policy_document.cni_ipv6_policy",
            "module.my_eks_cluster.module.eks_cluster.data.aws_iam_session_context.current",
            "module.my_eks_cluster.module.eks_cluster.data.aws_partition.current",
            "module.my_eks_cluster.module.eks_cluster.module.eks_managed_node_group.aws_iam_role.this",
            "module.my_eks_cluster.module.eks_cluster.module.eks_managed_node_group.aws_iam_role_policy_attachment.this",
            "module.my_eks_cluster.module.eks_cluster.module.eks_managed_node_group.data.aws_caller_identity.current",
            "module.my_eks_cluster.module.eks_cluster.module.eks_managed_node_group.data.aws_iam_policy_document.assume_role_policy",
            "module.my_eks_cluster.module.eks_cluster.module.eks_managed_node_group.data.aws_partition.current",
            "module.my_eks_cluster.module.eks_cluster.module.eks_managed_node_group.module.user_data.data.cloudinit_config.linux_eks_managed_node_group",
            "module.my_eks_cluster.module.eks_cluster.module.kms.aws_kms_external_key.this",
            "module.my_eks_cluster.module.eks_cluster.module.kms.aws_kms_key.this",
            "module.my_eks_cluster.module.eks_cluster.module.kms.aws_kms_replica_external_key.this",
            "module.my_eks_cluster.module.eks_cluster.module.kms.aws_kms_replica_key.this",
            "module.my_eks_cluster.module.eks_cluster.module.kms.data.aws_caller_identity.current",
            "module.my_eks_cluster.module.eks_cluster.module.kms.data.aws_iam_policy_document.this",
            "module.my_eks_cluster.module.eks_cluster.module.kms.data.aws_partition.current",
            "module.my_eks_cluster.module.eks_cluster.time_sleep.this"
          ],
          "create_before_destroy": true
        }
      ]
    },
    {
      "module": "module.my_eks_cluster.module.eks_cluster.module.kms",
      "mode": "data",
      "type": "aws_caller_identity",
      "name": "current",
      "provider": "module.my_eks_cluster.provider[\"registry.terraform.io/hashicorp/aws\"]",
      "instances": [
        {
          "index_key": 0,
          "schema_version": 0,
          "attributes": {
            "account_id": "881666630512",
            "arn": "arn:aws:iam::881666630512:user/costa.galazios",
            "id": "881666630512",
            "user_id": "AIDA42R3NENYBL57VMYIU"
          },
          "sensitive_attributes": []
        }
      ]
    },
    {
      "module": "module.my_eks_cluster.module.eks_cluster.module.kms",
      "mode": "data",
      "type": "aws_iam_policy_document",
      "name": "this",
      "provider": "module.my_eks_cluster.provider[\"registry.terraform.io/hashicorp/aws\"]",
      "instances": [
        {
          "index_key": 0,
          "schema_version": 0,
          "attributes": {
            "id": "958717023",
            "json": "{\n  \"Version\": \"2012-10-17\",\n  \"Statement\": [\n    {\n      \"Sid\": \"KeyAdministration\",\n      \"Effect\": \"Allow\",\n      \"Action\": [\n        \"kms:Update*\",\n        \"kms:UntagResource\",\n        \"kms:TagResource\",\n        \"kms:ScheduleKeyDeletion\",\n        \"kms:Revoke*\",\n        \"kms:ReplicateKey\",\n        \"kms:Put*\",\n        \"kms:List*\",\n        \"kms:ImportKeyMaterial\",\n        \"kms:Get*\",\n        \"kms:Enable*\",\n        \"kms:Disable*\",\n        \"kms:Describe*\",\n        \"kms:Delete*\",\n        \"kms:Create*\",\n        \"kms:CancelKeyDeletion\"\n      ],\n      \"Resource\": \"*\",\n      \"Principal\": {\n        \"AWS\": \"arn:aws:iam::881666630512:user/costa.galazios\"\n      }\n    },\n    {\n      \"Sid\": \"KeyUsage\",\n      \"Effect\": \"Allow\",\n      \"Action\": [\n        \"kms:ReEncrypt*\",\n        \"kms:GenerateDataKey*\",\n        \"kms:Encrypt\",\n        \"kms:DescribeKey\",\n        \"kms:Decrypt\"\n      ],\n      \"Resource\": \"*\",\n      \"Principal\": {\n        \"AWS\": \"arn:aws:iam::881666630512:role/my_eks_cluster-cluster-20240108164404177600000004\"\n      }\n    }\n  ]\n}",
            "override_policy_documents": null,
            "policy_id": null,
            "source_policy_documents": null,
            "statement": [
              {
                "actions": [
                  "kms:CancelKeyDeletion",
                  "kms:Create*",
                  "kms:Delete*",
                  "kms:Describe*",
                  "kms:Disable*",
                  "kms:Enable*",
                  "kms:Get*",
                  "kms:ImportKeyMaterial",
                  "kms:List*",
                  "kms:Put*",
                  "kms:ReplicateKey",
                  "kms:Revoke*",
                  "kms:ScheduleKeyDeletion",
                  "kms:TagResource",
                  "kms:UntagResource",
                  "kms:Update*"
                ],
                "condition": [],
                "effect": "Allow",
                "not_actions": [],
                "not_principals": [],
                "not_resources": [],
                "principals": [
                  {
                    "identifiers": [
                      "arn:aws:iam::881666630512:user/costa.galazios"
                    ],
                    "type": "AWS"
                  }
                ],
                "resources": [
                  "*"
                ],
                "sid": "KeyAdministration"
              },
              {
                "actions": [
                  "kms:Decrypt",
                  "kms:DescribeKey",
                  "kms:Encrypt",
                  "kms:GenerateDataKey*",
                  "kms:ReEncrypt*"
                ],
                "condition": [],
                "effect": "Allow",
                "not_actions": [],
                "not_principals": [],
                "not_resources": [],
                "principals": [
                  {
                    "identifiers": [
                      "arn:aws:iam::881666630512:role/my_eks_cluster-cluster-20240108164404177600000004"
                    ],
                    "type": "AWS"
                  }
                ],
                "resources": [
                  "*"
                ],
                "sid": "KeyUsage"
              }
            ],
            "version": "2012-10-17"
          },
          "sensitive_attributes": []
        }
      ]
    },
    {
      "module": "module.my_eks_cluster.module.eks_cluster.module.kms",
      "mode": "data",
      "type": "aws_partition",
      "name": "current",
      "provider": "module.my_eks_cluster.provider[\"registry.terraform.io/hashicorp/aws\"]",
      "instances": [
        {
          "index_key": 0,
          "schema_version": 0,
          "attributes": {
            "dns_suffix": "amazonaws.com",
            "id": "aws",
            "partition": "aws",
            "reverse_dns_prefix": "com.amazonaws"
          },
          "sensitive_attributes": []
        }
      ]
    },
    {
      "module": "module.my_eks_cluster.module.eks_cluster.module.kms",
      "mode": "managed",
      "type": "aws_kms_alias",
      "name": "this",
      "provider": "module.my_eks_cluster.provider[\"registry.terraform.io/hashicorp/aws\"]",
      "instances": [
        {
          "index_key": "cluster",
          "schema_version": 0,
          "attributes": {
            "arn": "arn:aws:kms:ca-central-1:881666630512:alias/eks/my_eks_cluster",
            "id": "alias/eks/my_eks_cluster",
            "name": "alias/eks/my_eks_cluster",
            "name_prefix": "",
            "target_key_arn": "arn:aws:kms:ca-central-1:881666630512:key/c72887d6-0d2a-42e9-b545-e5b6592041c1",
            "target_key_id": "c72887d6-0d2a-42e9-b545-e5b6592041c1"
          },
          "sensitive_attributes": [],
          "private": "bnVsbA==",
          "dependencies": [
            "module.my_eks_cluster.module.eks_cluster.aws_iam_role.this",
            "module.my_eks_cluster.module.eks_cluster.data.aws_caller_identity.current",
            "module.my_eks_cluster.module.eks_cluster.data.aws_iam_policy_document.assume_role_policy",
            "module.my_eks_cluster.module.eks_cluster.data.aws_iam_session_context.current",
            "module.my_eks_cluster.module.eks_cluster.data.aws_partition.current",
            "module.my_eks_cluster.module.eks_cluster.module.kms.aws_kms_external_key.this",
            "module.my_eks_cluster.module.eks_cluster.module.kms.aws_kms_key.this",
            "module.my_eks_cluster.module.eks_cluster.module.kms.aws_kms_replica_external_key.this",
            "module.my_eks_cluster.module.eks_cluster.module.kms.aws_kms_replica_key.this",
            "module.my_eks_cluster.module.eks_cluster.module.kms.data.aws_caller_identity.current",
            "module.my_eks_cluster.module.eks_cluster.module.kms.data.aws_iam_policy_document.this",
            "module.my_eks_cluster.module.eks_cluster.module.kms.data.aws_partition.current"
          ]
        }
      ]
    },
    {
      "module": "module.my_eks_cluster.module.eks_cluster.module.kms",
      "mode": "managed",
      "type": "aws_kms_key",
      "name": "this",
      "provider": "module.my_eks_cluster.provider[\"registry.terraform.io/hashicorp/aws\"]",
      "instances": [
        {
          "index_key": 0,
          "schema_version": 0,
          "attributes": {
            "arn": "arn:aws:kms:ca-central-1:881666630512:key/c72887d6-0d2a-42e9-b545-e5b6592041c1",
            "bypass_policy_lockout_safety_check": false,
            "custom_key_store_id": "",
            "customer_master_key_spec": "SYMMETRIC_DEFAULT",
            "deletion_window_in_days": null,
            "description": "my_eks_cluster cluster encryption key",
            "enable_key_rotation": true,
            "id": "c72887d6-0d2a-42e9-b545-e5b6592041c1",
            "is_enabled": true,
            "key_id": "c72887d6-0d2a-42e9-b545-e5b6592041c1",
            "key_usage": "ENCRYPT_DECRYPT",
            "multi_region": false,
            "policy": "{\"Statement\":[{\"Action\":[\"kms:Update*\",\"kms:UntagResource\",\"kms:TagResource\",\"kms:ScheduleKeyDeletion\",\"kms:Revoke*\",\"kms:ReplicateKey\",\"kms:Put*\",\"kms:List*\",\"kms:ImportKeyMaterial\",\"kms:Get*\",\"kms:Enable*\",\"kms:Disable*\",\"kms:Describe*\",\"kms:Delete*\",\"kms:Create*\",\"kms:CancelKeyDeletion\"],\"Effect\":\"Allow\",\"Principal\":{\"AWS\":\"arn:aws:iam::881666630512:user/costa.galazios\"},\"Resource\":\"*\",\"Sid\":\"KeyAdministration\"},{\"Action\":[\"kms:ReEncrypt*\",\"kms:GenerateDataKey*\",\"kms:Encrypt\",\"kms:DescribeKey\",\"kms:Decrypt\"],\"Effect\":\"Allow\",\"Principal\":{\"AWS\":\"arn:aws:iam::881666630512:role/my_eks_cluster-cluster-20240108164404177600000004\"},\"Resource\":\"*\",\"Sid\":\"KeyUsage\"}],\"Version\":\"2012-10-17\"}",
            "tags": null,
            "tags_all": {},
            "timeouts": null
          },
          "sensitive_attributes": [],
          "private": "eyJlMmJmYjczMC1lY2FhLTExZTYtOGY4OC0zNDM2M2JjN2M0YzAiOnsiY3JlYXRlIjoxMjAwMDAwMDAwMDB9fQ==",
          "dependencies": [
            "module.my_eks_cluster.module.eks_cluster.aws_iam_role.this",
            "module.my_eks_cluster.module.eks_cluster.data.aws_caller_identity.current",
            "module.my_eks_cluster.module.eks_cluster.data.aws_iam_policy_document.assume_role_policy",
            "module.my_eks_cluster.module.eks_cluster.data.aws_iam_session_context.current",
            "module.my_eks_cluster.module.eks_cluster.data.aws_partition.current",
            "module.my_eks_cluster.module.eks_cluster.module.kms.data.aws_caller_identity.current",
            "module.my_eks_cluster.module.eks_cluster.module.kms.data.aws_iam_policy_document.this",
            "module.my_eks_cluster.module.eks_cluster.module.kms.data.aws_partition.current"
          ],
          "create_before_destroy": true
        }
      ]
    }
  ],
  "check_results": null
}
